// !$*UTF8*$!
{
  archiveVersion = 1;
  classes = {

};
  objectVersion = 46;
  objects = {
  8B7CB9BC14E460EA003DB51A = {
  path = "en.lproj/MainStoryboard_iPhone.storyboard";
  isa = PBXFileReference;
  name = en;
  lastKnownFileType = "file.storyboard";
  sourceTree = "<group>";
};
  8B7CB9CA14E460EB003DB51A = {
  path = "Library/Frameworks/SenTestingKit.framework";
  isa = PBXFileReference;
  name = "SenTestingKit.framework";
  lastKnownFileType = "wrapper.framework";
  sourceTree = DEVELOPER_DIR;
};
  8B7CB9AD14E460EA003DB51A = {
  path = "System/Library/Frameworks/CoreGraphics.framework";
  isa = PBXFileReference;
  name = "CoreGraphics.framework";
  lastKnownFileType = "wrapper.framework";
  sourceTree = SDKROOT;
};
  9CBFE27214E4DF9400E6091F = {
  path = "SomeIntegrationTest.m";
  isa = PBXFileReference;
  lastKnownFileType = "sourcecode.c.objc";
  sourceTree = "<group>";
};
  9CBFE26114E4DF8000E6091F = {
  isa = XCBuildConfiguration;
  buildSettings = {
  HEADER_SEARCH_PATHS = Vendor;
  WRAPPER_EXTENSION = octest;
  FRAMEWORK_SEARCH_PATHS = (
"$(SDKROOT)/Developer/Library/Frameworks","$(DEVELOPER_LIBRARY_DIR)/Frameworks",
);
  TEST_HOST = "$(BUNDLE_LOADER)";
  GCC_PRECOMPILE_PREFIX_HEADER = YES;
  INFOPLIST_FILE = "Tests/Unit Tests/Unit Tests-Info.plist";
  BUNDLE_LOADER = "$(BUILT_PRODUCTS_DIR)/Application.app/Application";
  GCC_PREFIX_HEADER = "Tests/Unit Tests/Unit Tests-Prefix.pch";
  PRODUCT_NAME = "$(TARGET_NAME)";
};
  name = Release;
};
  9CBFE25214E4DF8000E6091F = {
  isa = PBXBuildFile;
  fileRef = 8B7CB9CA14E460EB003DB51A;
};
  9CBFE26314E4DF9400E6091F = {
  isa = PBXFrameworksBuildPhase;
  buildActionMask = 2147483647;
  files = (
9CBFE26814E4DF9400E6091F,9CBFE26914E4DF9400E6091F,9CBFE26A14E4DF9400E6091F,
);
  runOnlyForDeploymentPostprocessing = 0;
};
  9CBFE27814E4E00C00E6091F = {
  isa = PBXContainerItemProxy;
  containerPortal = 8B7CB99C14E460EA003DB51A;
  remoteGlobalIDString = 8B7CB9A414E460EA003DB51A;
  remoteInfo = Application;
  proxyType = 1;
};
  EA80E28850640B313C4F0AD9D0A16F9599DE61250620F496 = {
  path = Vendor;
  isa = PBXGroup;
  children = (
0599DCF95391E1674EE10DBDFEFE0C9B49C11D77BE303020,3783899C273E62A375B0D929C1825F2596EC9AE898A45EF6,5ECFE6349FDE64D79CA08ADB6F696C13A7576799584456EB,1A6CAE697A3C62A1A47915888D6B370BED202FF7650222FB,0AE9FB872097ED6505787312D7133094122CB71949C80C5D,
);
  sourceTree = "<group>";
};
  9CBFE27B14E4E01200E6091F = {
  isa = PBXTargetDependency;
  target = 8B7CB9A414E460EA003DB51A;
  targetProxy = 9CBFE27A14E4E01200E6091F;
};
  9CBFE27714E4DF9400E6091F = {
  isa = XCBuildConfiguration;
  buildSettings = {
  HEADER_SEARCH_PATHS = Vendor;
  WRAPPER_EXTENSION = octest;
  FRAMEWORK_SEARCH_PATHS = (
"$(SDKROOT)/Developer/Library/Frameworks","$(DEVELOPER_LIBRARY_DIR)/Frameworks",
);
  TEST_HOST = "$(BUNDLE_LOADER)";
  GCC_PRECOMPILE_PREFIX_HEADER = YES;
  INFOPLIST_FILE = "Tests/Integration Tests/Integration Tests-Info.plist";
  BUNDLE_LOADER = "$(BUILT_PRODUCTS_DIR)/Application.app/Application";
  GCC_PREFIX_HEADER = "Tests/Integration Tests/Integration Tests-Prefix.pch";
  PRODUCT_NAME = "$(TARGET_NAME)";
};
  name = Release;
};
  9C7E972414E4EAC5008DA5D5 = {
  isa = PBXBuildFile;
  fileRef = 9C7E972214E4EAB8008DA5D5;
};
  8B7CB9B414E460EA003DB51A = {
  isa = PBXBuildFile;
  fileRef = 8B7CB9B214E460EA003DB51A;
};
  8B7CB9C214E460EB003DB51A = {
  path = "ViewController.m";
  isa = PBXFileReference;
  lastKnownFileType = "sourcecode.c.objc";
  sourceTree = "<group>";
};
  8B7CB9A514E460EA003DB51A = {
  path = "Application.app";
  isa = PBXFileReference;
  includeInIndex = 0;
  explicitFileType = "wrapper.application";
  sourceTree = BUILT_PRODUCTS_DIR;
};
  9CBFE26C14E4DF9400E6091F = {
  isa = PBXGroup;
  name = "Supporting Files";
  children = (
9CBFE26D14E4DF9400E6091F,9CBFE26E14E4DF9400E6091F,9CBFE27414E4DF9400E6091F,
);
  sourceTree = "<group>";
};
  9CBFE24C14E4DF8000E6091F = {
  isa = PBXSourcesBuildPhase;
  buildActionMask = 2147483647;
  files = (
9CBFE25D14E4DF8000E6091F,9C5BDFBD14E4E1FE00A17A6A,9C7E972414E4EAC5008DA5D5,B10BE76F7DF969673FF5E267590E5B2746A3387ECAA5DBF1,3CD46A20769EBDEC318B8769CD1D18FD0FAF4A4DFC379033,C9DE3AA84E6117DB5FAA74ED264A26D52E1F0488564AE618,5D110FA601A246559A1218D20D817FB43B8DE47DD114A05F,F69D9285F490DC545609DF0B79BF72142D17FC0E98F14DA9,13C374557E8A1D4BE82A57DFABC2CBDF8B0BBF1EEE14875B,4912187EF44B929FA0B13EEE763050D0C4FF00DA92F1B309,7F18AF566F94163FA04CCB839545E03ED82A50A6B7B9FE94,8C2ED980BAACB5D35400572BBBFCD461E7BBAA0AF07CECC9,ED70DEB9D7F94D4221023D17390FA569195FBC6E9B3E6740,9A99FE71176E035DD681E57FC25BEF0E48A636B15278B4BA,8D95F5681E3FC8839389257CF27B410536D76FF1D4F60663,863BE5A03C47330F3FB4C889FB64DA9C49DBFA6916A9A013,5797A6951A62BF57515AC288E5F9E169E3C8E8F7A93D8826,CAD9F226A609A7560B9198878366919956D7382BF3EDD7A5,6427544B5D241D067C913C0232EADE97DE3C6B649CD491B8,60EDB6A0498273E570050CE534743818EE4059E87A9F5162,3E6004585F01CF4EE015EDB7937970108AEE3AB0B6057455,81FF1720E1D7BB66B5DBB12CA2A16A90E4C6C3D905BDC795,AE33E7BD5F199CE7878C1144AB895565DDD20027B50473E1,783F1A9F6DB6907EED8468495591760492D40A75CCDBA0C1,64C9722527C00C644DD7B1CBBE1211FA628578CA9BD4A07A,EE584A915B22682072CADDCB4C1DFE3DD18D1EFAB633CCA7,14A267FCA834509CAC2115D4BC8911DDDB7F96249CCF2AE3,154148378DB3812882D3E955D49513899894CD9F8515B543,F0E80ECFCED611303BD28046F9C3B64F43EAD7A8A54A79E2,35C94288654BF785FEB460BF6769A22D8E1D6B6B2A89DAB1,B8189643B2AA898450A70A26A8BED35FE91D26128205304C,FAF68FB496758064E14BE36C05CD56F0CDDB522F1C7447D4,FA74E671134BF7F9213D41A5A7994893FF19B6D9E59F65A8,C37DA859871BD60687BF26487BAE884951C260E476772406,ACE7BEA1224A0B091165D29280F88F6F27988CE8F25A27A3,168D843AB1DDB562A052B8F4A062952404CE93BE0E0C85EA,72DDF2E5629E0EF2A062CCE56572CDDCABA495817E4F5633,5FF45D8A46A2A3014EF4F88D3D16650D4F36821779C884A0,2490DA472E516C91EF9029540E5437DA94850146325825DC,16787F8A49D250930EC3F978F83198F124500023CF30BB22,5A8BD4085CB715E63C4681712F1BEE84D3DC37437F576386,EB1E7606EA907972B533D3EB15B53086E7CDE36054C09615,B0B4A4606A7EE7E9E468B7A7898EFC737B0162A088895A46,C3B3D7FF2D045098015E39B7D6E5698A9E69BAFAE5693617,4E6D180A10D6CB351D13A211288C14482FBD0387342B326C,CBD214BB1A3FE5EC0A6D908854A781029F286328FA0B31A0,CCD32D4C90D413E7E9CA5E56A9A7124DD2D9930BA82319A4,6462940C3F57E9585C6FB01F6ED2AA076056F274D55B0CAF,E72558C0BCCFECE174C86BEAEFBA08DEFE42C958EAAFB08B,94E88C23B01B206968CC061562A6E4E99CFC1151D386E49A,B0E5D5E5ADDAF76F17A9ED44EF2ABD702B55CD47A391DB13,EE16E6B714C0FED35A524220A61B48E47E26F67C46745616,
);
  runOnlyForDeploymentPostprocessing = 0;
};
  9CBFE25814E4DF8000E6091F = {
  isa = PBXVariantGroup;
  name = "InfoPlist.strings";
  children = (
9CBFE25914E4DF8000E6091F,
);
  sourceTree = "<group>";
};
  9C7E972514E4EBE1008DA5D5 = {
  path = "System/Library/Frameworks/CoreData.framework";
  isa = PBXFileReference;
  name = "CoreData.framework";
  lastKnownFileType = "wrapper.framework";
  sourceTree = SDKROOT;
};
  8B7CB9B914E460EA003DB51A = {
  path = "AppDelegate.m";
  isa = PBXFileReference;
  lastKnownFileType = "sourcecode.c.objc";
  sourceTree = "<group>";
};
  8B7CB9AE14E460EA003DB51A = {
  isa = PBXBuildFile;
  fileRef = 8B7CB9AD14E460EA003DB51A;
};
  9CBFE25314E4DF8000E6091F = {
  isa = PBXBuildFile;
  fileRef = 8B7CB9A914E460EA003DB51A;
};
  9CBFE26414E4DF9400E6091F = {
  isa = PBXResourcesBuildPhase;
  buildActionMask = 2147483647;
  files = (
9CBFE27014E4DF9400E6091F,
);
  runOnlyForDeploymentPostprocessing = 0;
};
  9CBFE27914E4E00C00E6091F = {
  isa = PBXTargetDependency;
  target = 8B7CB9A414E460EA003DB51A;
  targetProxy = 9CBFE27814E4E00C00E6091F;
};
  9CBFE26914E4DF9400E6091F = {
  isa = PBXBuildFile;
  fileRef = 8B7CB9A914E460EA003DB51A;
};
  8B7CB9C314E460EB003DB51A = {
  isa = PBXBuildFile;
  fileRef = 8B7CB9C214E460EB003DB51A;
};
  8B7CB9A614E460EA003DB51A = {
  isa = PBXGroup;
  name = Products;
  children = (
8B7CB9A514E460EA003DB51A,9CBFE25114E4DF8000E6091F,9CBFE26714E4DF9400E6091F,
);
  sourceTree = "<group>";
};
  9CBFE24D14E4DF8000E6091F = {
  isa = PBXFrameworksBuildPhase;
  buildActionMask = 2147483647;
  files = (
9CBFE25214E4DF8000E6091F,9CBFE25314E4DF8000E6091F,9CBFE25414E4DF8000E6091F,
);
  runOnlyForDeploymentPostprocessing = 0;
};
  8B7CB9DA14E460EB003DB51A = {
  isa = XCBuildConfiguration;
  buildSettings = {
  SDKROOT = iphoneos;
  VALIDATE_PRODUCT = YES;
  OTHER_CFLAGS = "-DNS_BLOCK_ASSERTIONS=1";
  GCC_WARN_UNUSED_VARIABLE = YES;
  GCC_C_LANGUAGE_STANDARD = gnu99;
  TARGETED_DEVICE_FAMILY = "1,2";
  ALWAYS_SEARCH_USER_PATHS = NO;
  GCC_VERSION = "com.apple.compilers.llvm.clang.1_0";
  ARCHS = "$(ARCHS_STANDARD_32_BIT)";
  GCC_WARN_ABOUT_MISSING_PROTOTYPES = YES;
  GCC_WARN_ABOUT_RETURN_TYPE = YES;
  "CODE_SIGN_IDENTITY[sdk=iphoneos*]" = "iPhone Developer";
  IPHONEOS_DEPLOYMENT_TARGET = "5.0";
  COPY_PHASE_STRIP = YES;
  CLANG_ENABLE_OBJC_ARC = YES;
};
  name = Release;
};
  8B7CB9BD14E460EA003DB51A = {
  isa = PBXBuildFile;
  fileRef = 8B7CB9BB14E460EA003DB51A;
};
  9CBFE27314E4DF9400E6091F = {
  isa = PBXBuildFile;
  fileRef = 9CBFE27214E4DF9400E6091F;
};
  8B7CB9B014E460EA003DB51A = {
  isa = PBXGroup;
  name = "Supporting Files";
  children = (
8B7CB9B114E460EA003DB51A,8B7CB9B214E460EA003DB51A,8B7CB9B514E460EA003DB51A,8B7CB9B714E460EA003DB51A,
);
  sourceTree = "<group>";
};
  8B7CB9A114E460EA003DB51A = {
  isa = PBXSourcesBuildPhase;
  buildActionMask = 2147483647;
  files = (
8B7CB9B614E460EA003DB51A,8B7CB9BA14E460EA003DB51A,8B7CB9C314E460EB003DB51A,04F7ABD584670DB1AD0F3E244772515EF082CB6691C5386A,4F938C337F58F60DFFDF6DECFC3E781310B61CF7B8AD538C,87CFF89698D1177AA13397DEB832F7D4935272E61F26DE95,2518D841755B505429467035B32D7F63291F434B152F7687,0657B53E5A60799CAEFCCFC3AF3F48DAE39A5E289A031BDF,BC23A53E57C76A8D09DEB0F99755AB82B8A4AEBDB8B8CA46,985D8CAE10742172A4A0438AD6A553FB453DA948D12225C8,186FBBD9ED122551025FF4BD716CF8718AA761E2C6BF9154,2B741B1951DE3FAB101C0A1405D220C9CF9C836CDB0C32F6,D5916E41E1EF99641484CAF542172BE586E8B8CD7DE10137,517E1906E5BBE7F7DF5460A9A84429787D3EEF594077B9ED,73DC396F34721B6A92F14582E8B13605451A7E77F426FDE6,B6BF8DEE316EC1EBF05127C9E3DDF84631A9D360071ED1F4,CB88EA528B48C9B76EB9DF52E232D5CF890DEEFA7DFBEB49,
);
  runOnlyForDeploymentPostprocessing = 0;
};
  8B7CB9B514E460EA003DB51A = {
  path = "main.m";
  isa = PBXFileReference;
  lastKnownFileType = "sourcecode.c.objc";
  sourceTree = "<group>";
};
  9CBFE25C14E4DF8000E6091F = {
  path = "SomeUnitTest.m";
  isa = PBXFileReference;
  lastKnownFileType = "sourcecode.c.objc";
  sourceTree = "<group>";
};
  9CBFE26D14E4DF9400E6091F = {
  path = "Integration Tests-Info.plist";
  isa = PBXFileReference;
  lastKnownFileType = "text.plist.xml";
  sourceTree = "<group>";
};
  8B7CB9AA14E460EA003DB51A = {
  isa = PBXBuildFile;
  fileRef = 8B7CB9A914E460EA003DB51A;
};
  9CBFE25914E4DF8000E6091F = {
  path = "en.lproj/InfoPlist.strings";
  isa = PBXFileReference;
  name = en;
  lastKnownFileType = "text.plist.strings";
  sourceTree = "<group>";
};
  9C7E972714E4EBF8008DA5D5 = {
  isa = PBXBuildFile;
  fileRef = 9C7E972514E4EBE1008DA5D5;
};
  8B7CB9DB14E460EB003DB51A = {
  isa = XCConfigurationList;
  defaultConfigurationIsVisible = 0;
  defaultConfigurationName = Release;
  buildConfigurations = (
8B7CB9DC14E460EB003DB51A,8B7CB9DD14E460EB003DB51A,
);
};
  8B7CB9BE14E460EA003DB51A = {
  isa = PBXVariantGroup;
  name = "MainStoryboard_iPad.storyboard";
  children = (
8B7CB9BF14E460EA003DB51A,
);
  sourceTree = "<group>";
};
  8B7CB9AF14E460EA003DB51A = {
  path = Application;
  isa = PBXGroup;
  children = (
8B7CB9B814E460EA003DB51A,8B7CB9B914E460EA003DB51A,8B7CB9BB14E460EA003DB51A,8B7CB9BE14E460EA003DB51A,8B7CB9C114E460EB003DB51A,8B7CB9C214E460EB003DB51A,8B7CB9B014E460EA003DB51A,
);
  sourceTree = "<group>";
};
  9CBFE21214E4A1C200E6091F = {
  path = Application;
  isa = PBXGroup;
  name = Libraries;
  children = (

);
  sourceTree = "<group>";
};
  9CBFE27414E4DF9400E6091F = {
  path = "Integration Tests-Prefix.pch";
  isa = PBXFileReference;
  lastKnownFileType = "sourcecode.c.h";
  sourceTree = "<group>";
};
  9CBFE25414E4DF8000E6091F = {
  isa = PBXBuildFile;
  fileRef = 8B7CB9AB14E460EA003DB51A;
};
  9CBFE26514E4DF9400E6091F = {
  inputPaths = (

);
  buildActionMask = 2147483647;
  shellPath = /bin/sh;
  isa = PBXShellScriptBuildPhase;
  outputPaths = (

);
  runOnlyForDeploymentPostprocessing = 0;
  shellScript = "# Run the unit tests in this test bundle.\n\"${SYSTEM_DEVELOPER_DIR}/Tools/RunUnitTests\"\n";
  files = (

);
};
  8B7CB9A214E460EA003DB51A = {
  isa = PBXFrameworksBuildPhase;
  buildActionMask = 2147483647;
  files = (
8B7CB9AA14E460EA003DB51A,8B7CB9AC14E460EA003DB51A,8B7CB9AE14E460EA003DB51A,9C7E972714E4EBF8008DA5D5,
);
  runOnlyForDeploymentPostprocessing = 0;
};
  8B7CB99F14E460EA003DB51A = {
  isa = XCConfigurationList;
  defaultConfigurationIsVisible = 0;
  defaultConfigurationName = Release;
  buildConfigurations = (
8B7CB9D914E460EB003DB51A,8B7CB9DA14E460EB003DB51A,
);
};
  8B7CB9B614E460EA003DB51A = {
  isa = PBXBuildFile;
  fileRef = 8B7CB9B514E460EA003DB51A;
};
  9CBFE25D14E4DF8000E6091F = {
  isa = PBXBuildFile;
  fileRef = 9CBFE25C14E4DF8000E6091F;
};
  9C5BDFBD14E4E1FE00A17A6A = {
  isa = PBXBuildFile;
  fileRef = 9CBFE23714E4DE1000E6091F;
};
  8B7CB99A14E460EA003DB51A = {
  isa = PBXGroup;
  sourceTree = "<group>";
  children = (
8B7CB9AF14E460EA003DB51A,9CBFE21214E4A1C200E6091F,8B7CB9D014E460EB003DB51A,8B7CB9A814E460EA003DB51A,8B7CB9A614E460EA003DB51A,EA80E28850640B313C4F0AD9D0A16F9599DE61250620F496,
);
};
  9CBFE24E14E4DF8000E6091F = {
  isa = PBXResourcesBuildPhase;
  buildActionMask = 2147483647;
  files = (
9CBFE25A14E4DF8000E6091F,
);
  runOnlyForDeploymentPostprocessing = 0;
};
  9CBFE26E14E4DF9400E6091F = {
  isa = PBXVariantGroup;
  name = "InfoPlist.strings";
  children = (
9CBFE26F14E4DF9400E6091F,
);
  sourceTree = "<group>";
};
  8B7CB9C014E460EA003DB51A = {
  isa = PBXBuildFile;
  fileRef = 8B7CB9BE14E460EA003DB51A;
};
  8B7CB9B114E460EA003DB51A = {
  path = "Application-Info.plist";
  isa = PBXFileReference;
  lastKnownFileType = "text.plist.xml";
  sourceTree = "<group>";
};
  9C7E972214E4EAB8008DA5D5 = {
  path = "SomeSpec.m";
  isa = PBXFileReference;
  sourceTree = "<group>";
  fileEncoding = 4;
  lastKnownFileType = "sourcecode.c.objc";
};
  9CBFE25514E4DF8000E6091F = {
  path = "Unit Tests";
  isa = PBXGroup;
  children = (
9C7E972214E4EAB8008DA5D5,9CBFE25C14E4DF8000E6091F,9CBFE25614E4DF8000E6091F,
);
  sourceTree = "<group>";
};
  9CBFE26614E4DF9400E6091F = {
  buildConfigurationList = 9CBFE27514E4DF9400E6091F;
  productReference = 9CBFE26714E4DF9400E6091F;
  productType = "com.apple.product-type.bundle";
  productName = "Integration Tests";
  isa = PBXNativeTarget;
  buildPhases = (
9CBFE26214E4DF9400E6091F,9CBFE26314E4DF9400E6091F,9CBFE26414E4DF9400E6091F,9CBFE26514E4DF9400E6091F,
);
  dependencies = (
9CBFE27B14E4E01200E6091F,
);
  name = "Integration Tests";
  buildRules = (

);
};
  8B7CB9BA14E460EA003DB51A = {
  isa = PBXBuildFile;
  fileRef = 8B7CB9B914E460EA003DB51A;
};
  8B7CB9AB14E460EA003DB51A = {
  path = "System/Library/Frameworks/Foundation.framework";
  isa = PBXFileReference;
  name = "Foundation.framework";
  lastKnownFileType = "wrapper.framework";
  sourceTree = SDKROOT;
};
  9CBFE27014E4DF9400E6091F = {
  isa = PBXBuildFile;
  fileRef = 9CBFE26E14E4DF9400E6091F;
};
  8B7CB9A814E460EA003DB51A = {
  isa = PBXGroup;
  name = Frameworks;
  children = (
9C7E972514E4EBE1008DA5D5,8B7CB9A914E460EA003DB51A,8B7CB9AB14E460EA003DB51A,8B7CB9AD14E460EA003DB51A,8B7CB9CA14E460EB003DB51A,
);
  sourceTree = "<group>";
};
  9CBFE25014E4DF8000E6091F = {
  buildConfigurationList = 9CBFE25F14E4DF8000E6091F;
  productReference = 9CBFE25114E4DF8000E6091F;
  productType = "com.apple.product-type.bundle";
  productName = "Unit Tests";
  isa = PBXNativeTarget;
  buildPhases = (
9CBFE24C14E4DF8000E6091F,9CBFE24D14E4DF8000E6091F,9CBFE24E14E4DF8000E6091F,9CBFE24F14E4DF8000E6091F,
);
  dependencies = (
9CBFE27914E4E00C00E6091F,
);
  name = "Unit Tests";
  buildRules = (

);
};
  9CBFE23614E4DE1000E6091F = {
  path = "Tests/BaseTestCase.h";
  isa = PBXFileReference;
  sourceTree = SOURCE_ROOT;
  name = "BaseTestCase.h";
  fileEncoding = 4;
  lastKnownFileType = "sourcecode.c.h";
};
  9CBFE24F14E4DF8000E6091F = {
  inputPaths = (

);
  buildActionMask = 2147483647;
  shellPath = /bin/sh;
  isa = PBXShellScriptBuildPhase;
  outputPaths = (

);
  runOnlyForDeploymentPostprocessing = 0;
  shellScript = "# Run the unit tests in this test bundle.\n\"${SYSTEM_DEVELOPER_DIR}/Tools/RunUnitTests\"\n";
  files = (

);
};
  8B7CB9DC14E460EB003DB51A = {
  isa = XCBuildConfiguration;
  buildSettings = {
  GCC_PRECOMPILE_PREFIX_HEADER = YES;
  INFOPLIST_FILE = "Application/Application-Info.plist";
  WRAPPER_EXTENSION = app;
  GCC_PREFIX_HEADER = "Application/Application-Prefix.pch";
  PRODUCT_NAME = "$(TARGET_NAME)";
};
  name = Debug;
};
  8B7CB9BF14E460EA003DB51A = {
  path = "en.lproj/MainStoryboard_iPad.storyboard";
  isa = PBXFileReference;
  name = en;
  lastKnownFileType = "file.storyboard";
  sourceTree = "<group>";
};
  8B7CB9D914E460EB003DB51A = {
  isa = XCBuildConfiguration;
  buildSettings = {
  IPHONEOS_DEPLOYMENT_TARGET = "5.0";
  SDKROOT = iphoneos;
  TARGETED_DEVICE_FAMILY = "1,2";
  GCC_WARN_UNUSED_VARIABLE = YES;
  GCC_C_LANGUAGE_STANDARD = gnu99;
  GCC_DYNAMIC_NO_PIC = NO;
  GCC_SYMBOLS_PRIVATE_EXTERN = NO;
  GCC_OPTIMIZATION_LEVEL = 0;
  ALWAYS_SEARCH_USER_PATHS = NO;
  ARCHS = "$(ARCHS_STANDARD_32_BIT)";
  GCC_VERSION = "com.apple.compilers.llvm.clang.1_0";
  "CODE_SIGN_IDENTITY[sdk=iphoneos*]" = "iPhone Developer";
  GCC_PREPROCESSOR_DEFINITIONS = (
"DEBUG=1","$(inherited)",
);
  GCC_WARN_ABOUT_MISSING_PROTOTYPES = YES;
  GCC_WARN_ABOUT_RETURN_TYPE = YES;
  COPY_PHASE_STRIP = NO;
  CLANG_ENABLE_OBJC_ARC = YES;
};
  name = Debug;
};
  9CBFE27514E4DF9400E6091F = {
  isa = XCConfigurationList;
  defaultConfigurationIsVisible = 0;
  defaultConfigurationName = Release;
  buildConfigurations = (
9CBFE27614E4DF9400E6091F,9CBFE27714E4DF9400E6091F,
);
};
  8B7CB9B214E460EA003DB51A = {
  isa = PBXVariantGroup;
  name = "InfoPlist.strings";
  children = (
8B7CB9B314E460EA003DB51A,
);
  sourceTree = "<group>";
};
  8B7CB9A314E460EA003DB51A = {
  isa = PBXResourcesBuildPhase;
  buildActionMask = 2147483647;
  files = (
8B7CB9B414E460EA003DB51A,8B7CB9BD14E460EA003DB51A,8B7CB9C014E460EA003DB51A,
);
  runOnlyForDeploymentPostprocessing = 0;
};
  9CBFE26A14E4DF9400E6091F = {
  isa = PBXBuildFile;
  fileRef = 8B7CB9AB14E460EA003DB51A;
};
  8B7CB9B714E460EA003DB51A = {
  path = "Application-Prefix.pch";
  isa = PBXFileReference;
  lastKnownFileType = "sourcecode.c.h";
  sourceTree = "<group>";
};
  9CBFE25E14E4DF8000E6091F = {
  path = "Unit Tests-Prefix.pch";
  isa = PBXFileReference;
  lastKnownFileType = "sourcecode.c.h";
  sourceTree = "<group>";
};
  9CBFE26F14E4DF9400E6091F = {
  path = "en.lproj/InfoPlist.strings";
  isa = PBXFileReference;
  name = en;
  lastKnownFileType = "text.plist.strings";
  sourceTree = "<group>";
};
  8B7CB9AC14E460EA003DB51A = {
  isa = PBXBuildFile;
  fileRef = 8B7CB9AB14E460EA003DB51A;
};
  9CBFE25114E4DF8000E6091F = {
  path = "Unit Tests.octest";
  isa = PBXFileReference;
  includeInIndex = 0;
  explicitFileType = "wrapper.cfbundle";
  sourceTree = BUILT_PRODUCTS_DIR;
};
  9CBFE23714E4DE1000E6091F = {
  path = "Tests/BaseTestCase.m";
  isa = PBXFileReference;
  sourceTree = SOURCE_ROOT;
  name = "BaseTestCase.m";
  fileEncoding = 4;
  lastKnownFileType = "sourcecode.c.objc";
};
  9CBFE26214E4DF9400E6091F = {
  isa = PBXSourcesBuildPhase;
  buildActionMask = 2147483647;
  files = (
9CBFE27314E4DF9400E6091F,9C5BDFBE14E4E1FF00A17A6A,CE89D7ED86DEDBD683E0C0404ABFAE0B5ED348B2EBA6F4D2,6C876B8F6ACC1E84174CB77BCB33BFF3A7395BB46D4DB1C0,D7582DFCFFE95C1DA6DB4921BBEC88A8BA83E5726B440785,78C719E477F3CC83ECF65C4AE6A22E27F3701BFBACC1756D,E7CDD90DB1E64D903F7F2CAFB81A88D1A112EA11B9847FED,EDD1CF092F2B639C8A6C0BED1990040DE51822F2BE1F354D,CAF1196A8261BA75BF9B642DF6FF7B66D613837CD4746BD4,58101129EE5BD1CF804D1582F158E9A69037DFFC86D39493,8A840FAC4D1090C1AA72E0C720ED6D073B4D509920772104,A1FAFC2C30D4D476F59D2EDF47AEE6CE887A2ECB882D45C9,482289A2EAAD661D9CC1D8C9C26BC07201DD2583A429D287,23916369DC56F2A7F1006D7DB5E6BEBCE4BEC92501571F67,8D6A36198ADE00E58DB7D5FAC16D985742880DF2CD3CE3F6,4636DE395B352CD37A696E8F5D013EEF60398725134B15D0,7CFC46A0202C78483BEA36032BC8F76A6BA069DD9A9B0FCE,4A7669830C02F3864FD58B0B22086987AFD368E6DC7ED898,7A5C652EF3E570D9B0FCE231EC6235A9A680A6B8270B4B07,04A5B63A0AC2B3EC5442F36D432C40F4BCC0FA7D2A6B092E,4BD403E7E8E0C1750CA5AEF37B8382757916D5364E9B7708,FF7E23A296F5FA2F840EAF5F625A482FDEAF360F9390629F,B048C23D519906C92F8B407D1BF82091A7AC0960A7DF751C,8E0A9416CDF05EDD02C0C445A2E94D5326DDA8010FF43EF9,BDEA4B61575E5B10C925449CC232827433CA9C91CBAE0F2D,E4F9120DF850912BCFFF3EDFF87A125A4FABCCEEEEDC91D4,68FF88578CC8831539440BF469DA28588FC14589763B234B,5891E0D29539150650CEB07CDFA059D78A485EF832911572,1FD1678F37C9B6C0F05F7E35EE07F3E9BDC3D6AF2B2B72EE,8C17765A7D8D0D521B5AE074546BCD3EAD758704798C08EA,8488E8FD53541994B57896B197B3DC56B6DE6B27BA33A004,5B08FAFDDBE4931F4ED2C17AB38D545F067868EB6E251BA1,87CF30577227AEE3A5C32849A94E80EBEABC52417E430F21,E3A87F1099FD93BBF1474738CF8796CA495EB70C780939D2,516926558E6AD01BB84E69576210F95CF485DDF8A2601EB7,E64E9935DD2D62964E4C77836E044EDF2043AE2C0E3449ED,F5171850236A0B4976E95D9CA33CBBB54935A1F55090E94D,48749BD41895A1704BD6BBB41AF3ED39D2F5707E8853E064,62D4FB45D9821319E7128F0B6A4AB8D164FCCDF0CCBA2510,027F1F5837E76925E6C1D6914BDACE2FE90CD1E4DA2F5B70,A22DA4360F0272CB6A3FB75D2312BBE06ACA28442492CA41,CE8BD94EE935F7806B44AD06A9B2C480BDB7F332634449A2,F602ABCD5D101145D200BFFA0B9D9B2F4451A15657A9AC81,4E81E50C700C3FA9C405E6C17CC3387090EA6AE61CB0B0EF,49FE0C40EBB4ABB4F5DF776F0F0DA8F242540F23C424F200,16DFD6F56604F8D6786D8AC838CC8F1B4C8DBBCB1B49B75C,6B30E26F01AE065F91F842B2A96FDC8883621B6E7FE98D2E,88006FC2C1654A3096DB50EB19F6F3BFFAC25719D6E4D646,4B4D0CE5ABC1ADC43B8CEE1F4FC9934C1326787D5E0D5296,42E38CAF4BDA0F48FA47DC452D0FAC2CDF7B63EA45D7E635,79A0A647C993593AFECEA3EEC3C617FC8657620FB27BC261,
);
  runOnlyForDeploymentPostprocessing = 0;
};
  9C5BDFBE14E4E1FF00A17A6A = {
  isa = PBXBuildFile;
  fileRef = 9CBFE23714E4DE1000E6091F;
};
  8B7CB9DD14E460EB003DB51A = {
  isa = XCBuildConfiguration;
  buildSettings = {
  GCC_PRECOMPILE_PREFIX_HEADER = YES;
  INFOPLIST_FILE = "Application/Application-Info.plist";
  WRAPPER_EXTENSION = app;
  GCC_PREFIX_HEADER = "Application/Application-Prefix.pch";
  PRODUCT_NAME = "$(TARGET_NAME)";
};
  name = Release;
};
  9CBFE27614E4DF9400E6091F = {
  isa = XCBuildConfiguration;
  buildSettings = {
  HEADER_SEARCH_PATHS = Vendor;
  WRAPPER_EXTENSION = octest;
  FRAMEWORK_SEARCH_PATHS = (
"$(SDKROOT)/Developer/Library/Frameworks","$(DEVELOPER_LIBRARY_DIR)/Frameworks",
);
  TEST_HOST = "$(BUNDLE_LOADER)";
  GCC_PRECOMPILE_PREFIX_HEADER = YES;
  INFOPLIST_FILE = "Tests/Integration Tests/Integration Tests-Info.plist";
  BUNDLE_LOADER = "$(BUILT_PRODUCTS_DIR)/Application.app/Application";
  GCC_PREFIX_HEADER = "Tests/Integration Tests/Integration Tests-Prefix.pch";
  PRODUCT_NAME = "$(TARGET_NAME)";
};
  name = Debug;
};
  9CBFE26714E4DF9400E6091F = {
  path = "Integration Tests.octest";
  isa = PBXFileReference;
  includeInIndex = 0;
  explicitFileType = "wrapper.cfbundle";
  sourceTree = BUILT_PRODUCTS_DIR;
};
  8B7CB9C114E460EB003DB51A = {
  path = "ViewController.h";
  isa = PBXFileReference;
  lastKnownFileType = "sourcecode.c.h";
  sourceTree = "<group>";
};
  9CBFE25614E4DF8000E6091F = {
  isa = PBXGroup;
  name = "Supporting Files";
  children = (
9CBFE25714E4DF8000E6091F,9CBFE25814E4DF8000E6091F,9CBFE25E14E4DF8000E6091F,
);
  sourceTree = "<group>";
};
  8B7CB9A414E460EA003DB51A = {
  buildConfigurationList = 8B7CB9DB14E460EB003DB51A;
  productReference = 8B7CB9A514E460EA003DB51A;
  productType = "com.apple.product-type.application";
  productName = Application;
  isa = PBXNativeTarget;
  buildPhases = (
8B7CB9A114E460EA003DB51A,8B7CB9A214E460EA003DB51A,8B7CB9A314E460EA003DB51A,
);
  dependencies = (

);
  name = Application;
  buildRules = (

);
};
  8B7CB9BB14E460EA003DB51A = {
  isa = PBXVariantGroup;
  name = "MainStoryboard_iPhone.storyboard";
  children = (
8B7CB9BC14E460EA003DB51A,
);
  sourceTree = "<group>";
};
  8B7CB9B814E460EA003DB51A = {
  path = "AppDelegate.h";
  isa = PBXFileReference;
  lastKnownFileType = "sourcecode.c.h";
  sourceTree = "<group>";
};
  9CBFE26014E4DF8000E6091F = {
  isa = XCBuildConfiguration;
  buildSettings = {
  HEADER_SEARCH_PATHS = Vendor;
  WRAPPER_EXTENSION = octest;
  FRAMEWORK_SEARCH_PATHS = (
"$(SDKROOT)/Developer/Library/Frameworks","$(DEVELOPER_LIBRARY_DIR)/Frameworks",
);
  TEST_HOST = "$(BUNDLE_LOADER)";
  GCC_PRECOMPILE_PREFIX_HEADER = YES;
  INFOPLIST_FILE = "Tests/Unit Tests/Unit Tests-Info.plist";
  BUNDLE_LOADER = "$(BUILT_PRODUCTS_DIR)/Application.app/Application";
  GCC_PREFIX_HEADER = "Tests/Unit Tests/Unit Tests-Prefix.pch";
  PRODUCT_NAME = "$(TARGET_NAME)";
};
  name = Debug;
};
  8B7CB9A914E460EA003DB51A = {
  path = "System/Library/Frameworks/UIKit.framework";
  isa = PBXFileReference;
  name = "UIKit.framework";
  lastKnownFileType = "wrapper.framework";
  sourceTree = SDKROOT;
};
  9CBFE25F14E4DF8000E6091F = {
  isa = XCConfigurationList;
  defaultConfigurationIsVisible = 0;
  defaultConfigurationName = Release;
  buildConfigurations = (
9CBFE26014E4DF8000E6091F,9CBFE26114E4DF8000E6091F,
);
};
  8B7CB99C14E460EA003DB51A = {
  buildConfigurationList = 8B7CB99F14E460EA003DB51A;
  targets = (
8B7CB9A414E460EA003DB51A,9CBFE25014E4DF8000E6091F,9CBFE26614E4DF9400E6091F,
);
  developmentRegion = English;
  knownRegions = (
en,
);
  isa = PBXProject;
  compatibilityVersion = "Xcode 3.2";
  productRefGroup = 8B7CB9A614E460EA003DB51A;
  projectDirPath = "";
  attributes = {
  LastUpgradeCheck = 0420;
  ORGANIZATIONNAME = "Two Bit Labs";
};
  hasScannedForEncodings = 0;
  projectRoot = "";
  mainGroup = 8B7CB99A14E460EA003DB51A;
};
  9CBFE27A14E4E01200E6091F = {
  isa = PBXContainerItemProxy;
  containerPortal = 8B7CB99C14E460EA003DB51A;
  remoteGlobalIDString = 8B7CB9A414E460EA003DB51A;
  remoteInfo = Application;
  proxyType = 1;
};
  8B7CB9D014E460EB003DB51A = {
  path = Tests;
  isa = PBXGroup;
  children = (
9CBFE23614E4DE1000E6091F,9CBFE23714E4DE1000E6091F,9CBFE25514E4DF8000E6091F,9CBFE26B14E4DF9400E6091F,
);
  sourceTree = "<group>";
};
  8B7CB9B314E460EA003DB51A = {
  path = "en.lproj/InfoPlist.strings";
  isa = PBXFileReference;
  name = en;
  lastKnownFileType = "text.plist.strings";
  sourceTree = "<group>";
};
  9CBFE25A14E4DF8000E6091F = {
  isa = PBXBuildFile;
  fileRef = 9CBFE25814E4DF8000E6091F;
};
  9CBFE25714E4DF8000E6091F = {
  path = "Unit Tests-Info.plist";
  isa = PBXFileReference;
  lastKnownFileType = "text.plist.xml";
  sourceTree = "<group>";
};
  9CBFE26814E4DF9400E6091F = {
  isa = PBXBuildFile;
  fileRef = 8B7CB9CA14E460EB003DB51A;
};
  9CBFE26B14E4DF9400E6091F = {
  path = "Integration Tests";
  isa = PBXGroup;
  children = (
9CBFE27214E4DF9400E6091F,9CBFE26C14E4DF9400E6091F,
);
  sourceTree = "<group>";
};
  0599DCF95391E1674EE10DBDFEFE0C9B49C11D77BE303020 = {
  path = Expecta;
  sourceTree = "<group>";
  children = (
9F9C47832D188E9EA6C40617997C6AE46C04273350A45E7E,A4667B4D4B657A7CC002EE8C3CD0FCE4E5A5C7E69F21421D,26F5595F6F69DC33A139E3E4D3EF3166B5AF0C5BFD7CE309,A98F1867EE968DBB941AA4E337E7E082870F43A1B53653B3,D5199D1BC159AE9AE71300901B58F55218E1A165A7163980,4963843F089D2330096258E854E68C0487F62563B58B7FBD,ACB488B6F0852EF5BCA6ACFB6B18A244314993C2E1DCF20D,EC76797D4DC4436B101C8B63FD4DD820EEA1C40AABFA46A6,FE7D1576E0963DF0B5B025D2F4B8AFB4CD978D8E24F9D2A0,5CB64C76F4FB2F98D62689269ECBE2DA5F13A20530214E0E,B5A94894537CF7B33A67437ECDC2A1CBE59B6071C206D244,8B607BD7E43D574DEB2BFDAC667FB09142163769E2814A46,6F7DE4816FFF6FB7816C624840E587499763235648A1DC4A,19722DEA1D1B4B2300CE9EE5B5B0F1091385C1AA84A8CC23,71EAEF04E948670A66D5369A833A7E4A14E3E6D89F3CC83B,39000FC158A40175C5ADB5DA5DA362703ADC64732645F016,F8963FBC20EB69A363E06F4D13FFB88442FD1903D5461BCB,5F36723F41383EF8687F9CAD06C0A3B809A91A7281E86BDF,D122C903C277151C3F0D868241A540290FA7DF35933D03CD,DCF5562D391695B32EABF0400D104FC5C6520A9D8E22BA2C,560C52C4205AE80F2484C32F77A8C387EF76E91945575671,DD56015592FBAC1F532A5B47CD50DDB1329BA5A13BEAF9B4,11FDBA25066DE7B42F5AEA4DD593A5EBF1797265DFC3CCAE,3950BC5B2331C790FDDF5DB16FE43E7E193C5B4E815043DB,45EB5808A94A9FA9BDA736FA3948350D4CA41CAE908EFD67,10EBB9129B9045B8FAECC892BADB89D7A986FFAC1718E16F,8FE8BD0531C5AD21F78C5C8787FBC3D76ADBC7ADB35B01A8,7648EB90A37E1714411DDE344C66AA409F498DD11AD542CA,23E82F0F0AAB8F88E954C3151DC21E10D19555E1CCA8D467,8159CCB0AC6F7578B58C181CF0208DAF5B66A1B66B1424BE,6EE6691FDE29B95B3CB679CFA9222D3BB191355A01D013A9,0BB09F92E4EF6B08C5439EFCFDA4E8F9C55A7C576136D485,27CD04CB3F57696BE7B81304941FFF1FA6A726FA96C6A82A,5B67AB3B08DAAE855D65D612FCB8F84EF9C5264F573A601B,30B3431F11FDE51B6AEF1DA1ABFBC5A3E3C6C211711C13E3,B7D0F33CF748E9E138AF73A41498676893EA0BF94863F152,237E889C8C8302A2892BFD1ABFB1C392EBF0220C9BDD7D76,F6431C58292B463FC0DFDDA70586D49FFC9600CA4DB06685,1FE39BC1BB1204AFCE705C52DD2C5FEE250BA2009044556C,C6E899F7DD40D4FBC720A46F641EB7229BB048F3B5DC9E6A,3DEB85BD75EEE0F65909EC8A1714B30ACED38EC72F8AC8A3,6281F737F2B90CBC943C0AA7E7BA16B53DDC20EF5B97F93D,A5C1819C99FA2ECF2314B076BA310CE0939977F412093B00,3230DC78339C656EB300D7B610FCAA3DEEC5DD738BED32A9,22C3DC62ACC35D1A8A6B86F80C5AE2989DB4DAF45B892757,9F8B0C69A54ACF65930B9D540BF91ED8154BBE155707DAE4,
);
  isa = PBXGroup;
};
  9F9C47832D188E9EA6C40617997C6AE46C04273350A45E7E = {
  lastKnownFileType = "sourcecode.c.h";
  sourceTree = "<group>";
  path = "EXPDoubleTuple.h";
  isa = PBXFileReference;
};
  A4667B4D4B657A7CC002EE8C3CD0FCE4E5A5C7E69F21421D = {
  lastKnownFileType = "sourcecode.c.h";
  sourceTree = "<group>";
  path = "Expecta.h";
  isa = PBXFileReference;
};
  26F5595F6F69DC33A139E3E4D3EF3166B5AF0C5BFD7CE309 = {
  lastKnownFileType = "sourcecode.c.h";
  sourceTree = "<group>";
  path = "ExpectaSupport.h";
  isa = PBXFileReference;
};
  A98F1867EE968DBB941AA4E337E7E082870F43A1B53653B3 = {
  lastKnownFileType = "sourcecode.c.h";
  sourceTree = "<group>";
  path = "EXPExpect.h";
  isa = PBXFileReference;
};
  D5199D1BC159AE9AE71300901B58F55218E1A165A7163980 = {
  lastKnownFileType = "sourcecode.c.h";
  sourceTree = "<group>";
  path = "EXPFloatTuple.h";
  isa = PBXFileReference;
};
  4963843F089D2330096258E854E68C0487F62563B58B7FBD = {
  lastKnownFileType = "sourcecode.c.h";
  sourceTree = "<group>";
  path = "EXPUnsupportedObject.h";
  isa = PBXFileReference;
};
  ACB488B6F0852EF5BCA6ACFB6B18A244314993C2E1DCF20D = {
  lastKnownFileType = "sourcecode.c.h";
  sourceTree = "<group>";
  path = "EXPMatcherHelpers.h";
  isa = PBXFileReference;
};
  EC76797D4DC4436B101C8B63FD4DD820EEA1C40AABFA46A6 = {
  lastKnownFileType = "sourcecode.c.h";
  sourceTree = "<group>";
  path = "EXPMatchers+toBeFalsy.h";
  isa = PBXFileReference;
};
  FE7D1576E0963DF0B5B025D2F4B8AFB4CD978D8E24F9D2A0 = {
  lastKnownFileType = "sourcecode.c.h";
  sourceTree = "<group>";
  path = "EXPMatchers+toBeGreaterThan.h";
  isa = PBXFileReference;
};
  5CB64C76F4FB2F98D62689269ECBE2DA5F13A20530214E0E = {
  lastKnownFileType = "sourcecode.c.h";
  sourceTree = "<group>";
  path = "EXPMatchers+toBeGreaterThanOrEqualTo.h";
  isa = PBXFileReference;
};
  B5A94894537CF7B33A67437ECDC2A1CBE59B6071C206D244 = {
  lastKnownFileType = "sourcecode.c.h";
  sourceTree = "<group>";
  path = "EXPMatchers+toBeIdenticalTo.h";
  isa = PBXFileReference;
};
  8B607BD7E43D574DEB2BFDAC667FB09142163769E2814A46 = {
  lastKnownFileType = "sourcecode.c.h";
  sourceTree = "<group>";
  path = "EXPMatchers+toBeInstanceOf.h";
  isa = PBXFileReference;
};
  6F7DE4816FFF6FB7816C624840E587499763235648A1DC4A = {
  lastKnownFileType = "sourcecode.c.h";
  sourceTree = "<group>";
  path = "EXPMatchers+toBeInTheRangeOf.h";
  isa = PBXFileReference;
};
  19722DEA1D1B4B2300CE9EE5B5B0F1091385C1AA84A8CC23 = {
  lastKnownFileType = "sourcecode.c.h";
  sourceTree = "<group>";
  path = "EXPMatchers+toBeKindOf.h";
  isa = PBXFileReference;
};
  71EAEF04E948670A66D5369A833A7E4A14E3E6D89F3CC83B = {
  lastKnownFileType = "sourcecode.c.h";
  sourceTree = "<group>";
  path = "EXPMatchers+toBeLessThan.h";
  isa = PBXFileReference;
};
  39000FC158A40175C5ADB5DA5DA362703ADC64732645F016 = {
  lastKnownFileType = "sourcecode.c.h";
  sourceTree = "<group>";
  path = "EXPMatchers+toBeLessThanOrEqualTo.h";
  isa = PBXFileReference;
};
  F8963FBC20EB69A363E06F4D13FFB88442FD1903D5461BCB = {
  lastKnownFileType = "sourcecode.c.h";
  sourceTree = "<group>";
  path = "EXPMatchers+toBeNil.h";
  isa = PBXFileReference;
};
  5F36723F41383EF8687F9CAD06C0A3B809A91A7281E86BDF = {
  lastKnownFileType = "sourcecode.c.h";
  sourceTree = "<group>";
  path = "EXPMatchers+toBeSubclassOf.h";
  isa = PBXFileReference;
};
  D122C903C277151C3F0D868241A540290FA7DF35933D03CD = {
  lastKnownFileType = "sourcecode.c.h";
  sourceTree = "<group>";
  path = "EXPMatchers+toBeTruthy.h";
  isa = PBXFileReference;
};
  DCF5562D391695B32EABF0400D104FC5C6520A9D8E22BA2C = {
  lastKnownFileType = "sourcecode.c.h";
  sourceTree = "<group>";
  path = "EXPMatchers+toContain.h";
  isa = PBXFileReference;
};
  560C52C4205AE80F2484C32F77A8C387EF76E91945575671 = {
  lastKnownFileType = "sourcecode.c.h";
  sourceTree = "<group>";
  path = "EXPMatchers+toEqual.h";
  isa = PBXFileReference;
};
  DD56015592FBAC1F532A5B47CD50DDB1329BA5A13BEAF9B4 = {
  lastKnownFileType = "sourcecode.c.h";
  sourceTree = "<group>";
  path = "EXPMatchers.h";
  isa = PBXFileReference;
};
  11FDBA25066DE7B42F5AEA4DD593A5EBF1797265DFC3CCAE = {
  lastKnownFileType = "sourcecode.c.h";
  sourceTree = "<group>";
  path = "NSObject+Expecta.h";
  isa = PBXFileReference;
};
  3950BC5B2331C790FDDF5DB16FE43E7E193C5B4E815043DB = {
  lastKnownFileType = "sourcecode.c.h";
  sourceTree = "<group>";
  path = "NSValue+Expecta.h";
  isa = PBXFileReference;
};
  B10BE76F7DF969673FF5E267590E5B2746A3387ECAA5DBF1 = {
  fileRef = 45EB5808A94A9FA9BDA736FA3948350D4CA41CAE908EFD67;
  settings = {
  COMPILER_FLAGS = "-fno-objc-arc";
};
  isa = PBXBuildFile;
};
  CE89D7ED86DEDBD683E0C0404ABFAE0B5ED348B2EBA6F4D2 = {
  fileRef = 45EB5808A94A9FA9BDA736FA3948350D4CA41CAE908EFD67;
  settings = {
  COMPILER_FLAGS = "-fno-objc-arc";
};
  isa = PBXBuildFile;
};
  45EB5808A94A9FA9BDA736FA3948350D4CA41CAE908EFD67 = {
  lastKnownFileType = "sourcecode.c.objc";
  sourceTree = "<group>";
  path = "EXPDoubleTuple.m";
  isa = PBXFileReference;
};
  3CD46A20769EBDEC318B8769CD1D18FD0FAF4A4DFC379033 = {
  fileRef = 10EBB9129B9045B8FAECC892BADB89D7A986FFAC1718E16F;
  settings = {
  COMPILER_FLAGS = "-fno-objc-arc";
};
  isa = PBXBuildFile;
};
  6C876B8F6ACC1E84174CB77BCB33BFF3A7395BB46D4DB1C0 = {
  fileRef = 10EBB9129B9045B8FAECC892BADB89D7A986FFAC1718E16F;
  settings = {
  COMPILER_FLAGS = "-fno-objc-arc";
};
  isa = PBXBuildFile;
};
  10EBB9129B9045B8FAECC892BADB89D7A986FFAC1718E16F = {
  lastKnownFileType = "sourcecode.c.objc";
  sourceTree = "<group>";
  path = "Expecta.m";
  isa = PBXFileReference;
};
  C9DE3AA84E6117DB5FAA74ED264A26D52E1F0488564AE618 = {
  fileRef = 8FE8BD0531C5AD21F78C5C8787FBC3D76ADBC7ADB35B01A8;
  settings = {
  COMPILER_FLAGS = "-fno-objc-arc";
};
  isa = PBXBuildFile;
};
  D7582DFCFFE95C1DA6DB4921BBEC88A8BA83E5726B440785 = {
  fileRef = 8FE8BD0531C5AD21F78C5C8787FBC3D76ADBC7ADB35B01A8;
  settings = {
  COMPILER_FLAGS = "-fno-objc-arc";
};
  isa = PBXBuildFile;
};
  8FE8BD0531C5AD21F78C5C8787FBC3D76ADBC7ADB35B01A8 = {
  lastKnownFileType = "sourcecode.c.objc";
  sourceTree = "<group>";
  path = "ExpectaSupport.m";
  isa = PBXFileReference;
};
  5D110FA601A246559A1218D20D817FB43B8DE47DD114A05F = {
  fileRef = 7648EB90A37E1714411DDE344C66AA409F498DD11AD542CA;
  settings = {
  COMPILER_FLAGS = "-fno-objc-arc";
};
  isa = PBXBuildFile;
};
  78C719E477F3CC83ECF65C4AE6A22E27F3701BFBACC1756D = {
  fileRef = 7648EB90A37E1714411DDE344C66AA409F498DD11AD542CA;
  settings = {
  COMPILER_FLAGS = "-fno-objc-arc";
};
  isa = PBXBuildFile;
};
  7648EB90A37E1714411DDE344C66AA409F498DD11AD542CA = {
  lastKnownFileType = "sourcecode.c.objc";
  sourceTree = "<group>";
  path = "EXPExpect.m";
  isa = PBXFileReference;
};
  F69D9285F490DC545609DF0B79BF72142D17FC0E98F14DA9 = {
  fileRef = 23E82F0F0AAB8F88E954C3151DC21E10D19555E1CCA8D467;
  settings = {
  COMPILER_FLAGS = "-fno-objc-arc";
};
  isa = PBXBuildFile;
};
  E7CDD90DB1E64D903F7F2CAFB81A88D1A112EA11B9847FED = {
  fileRef = 23E82F0F0AAB8F88E954C3151DC21E10D19555E1CCA8D467;
  settings = {
  COMPILER_FLAGS = "-fno-objc-arc";
};
  isa = PBXBuildFile;
};
  23E82F0F0AAB8F88E954C3151DC21E10D19555E1CCA8D467 = {
  lastKnownFileType = "sourcecode.c.objc";
  sourceTree = "<group>";
  path = "EXPFloatTuple.m";
  isa = PBXFileReference;
};
  13C374557E8A1D4BE82A57DFABC2CBDF8B0BBF1EEE14875B = {
  fileRef = 8159CCB0AC6F7578B58C181CF0208DAF5B66A1B66B1424BE;
  settings = {
  COMPILER_FLAGS = "-fno-objc-arc";
};
  isa = PBXBuildFile;
};
  EDD1CF092F2B639C8A6C0BED1990040DE51822F2BE1F354D = {
  fileRef = 8159CCB0AC6F7578B58C181CF0208DAF5B66A1B66B1424BE;
  settings = {
  COMPILER_FLAGS = "-fno-objc-arc";
};
  isa = PBXBuildFile;
};
  8159CCB0AC6F7578B58C181CF0208DAF5B66A1B66B1424BE = {
  lastKnownFileType = "sourcecode.c.objc";
  sourceTree = "<group>";
  path = "EXPUnsupportedObject.m";
  isa = PBXFileReference;
};
  4912187EF44B929FA0B13EEE763050D0C4FF00DA92F1B309 = {
  fileRef = 6EE6691FDE29B95B3CB679CFA9222D3BB191355A01D013A9;
  settings = {
  COMPILER_FLAGS = "-fno-objc-arc";
};
  isa = PBXBuildFile;
};
  CAF1196A8261BA75BF9B642DF6FF7B66D613837CD4746BD4 = {
  fileRef = 6EE6691FDE29B95B3CB679CFA9222D3BB191355A01D013A9;
  settings = {
  COMPILER_FLAGS = "-fno-objc-arc";
};
  isa = PBXBuildFile;
};
  6EE6691FDE29B95B3CB679CFA9222D3BB191355A01D013A9 = {
  lastKnownFileType = "sourcecode.c.objc";
  sourceTree = "<group>";
  path = "EXPMatcherHelpers.m";
  isa = PBXFileReference;
};
  7F18AF566F94163FA04CCB839545E03ED82A50A6B7B9FE94 = {
  fileRef = 0BB09F92E4EF6B08C5439EFCFDA4E8F9C55A7C576136D485;
  settings = {
  COMPILER_FLAGS = "-fno-objc-arc";
};
  isa = PBXBuildFile;
};
  58101129EE5BD1CF804D1582F158E9A69037DFFC86D39493 = {
  fileRef = 0BB09F92E4EF6B08C5439EFCFDA4E8F9C55A7C576136D485;
  settings = {
  COMPILER_FLAGS = "-fno-objc-arc";
};
  isa = PBXBuildFile;
};
  0BB09F92E4EF6B08C5439EFCFDA4E8F9C55A7C576136D485 = {
  lastKnownFileType = "sourcecode.c.objc";
  sourceTree = "<group>";
  path = "EXPMatchers+toBeFalsy.m";
  isa = PBXFileReference;
};
  8C2ED980BAACB5D35400572BBBFCD461E7BBAA0AF07CECC9 = {
  fileRef = 27CD04CB3F57696BE7B81304941FFF1FA6A726FA96C6A82A;
  settings = {
  COMPILER_FLAGS = "-fno-objc-arc";
};
  isa = PBXBuildFile;
};
  8A840FAC4D1090C1AA72E0C720ED6D073B4D509920772104 = {
  fileRef = 27CD04CB3F57696BE7B81304941FFF1FA6A726FA96C6A82A;
  settings = {
  COMPILER_FLAGS = "-fno-objc-arc";
};
  isa = PBXBuildFile;
};
  27CD04CB3F57696BE7B81304941FFF1FA6A726FA96C6A82A = {
  lastKnownFileType = "sourcecode.c.objc";
  sourceTree = "<group>";
  path = "EXPMatchers+toBeGreaterThan.m";
  isa = PBXFileReference;
};
  ED70DEB9D7F94D4221023D17390FA569195FBC6E9B3E6740 = {
  fileRef = 5B67AB3B08DAAE855D65D612FCB8F84EF9C5264F573A601B;
  settings = {
  COMPILER_FLAGS = "-fno-objc-arc";
};
  isa = PBXBuildFile;
};
  A1FAFC2C30D4D476F59D2EDF47AEE6CE887A2ECB882D45C9 = {
  fileRef = 5B67AB3B08DAAE855D65D612FCB8F84EF9C5264F573A601B;
  settings = {
  COMPILER_FLAGS = "-fno-objc-arc";
};
  isa = PBXBuildFile;
};
  5B67AB3B08DAAE855D65D612FCB8F84EF9C5264F573A601B = {
  lastKnownFileType = "sourcecode.c.objc";
  sourceTree = "<group>";
  path = "EXPMatchers+toBeGreaterThanOrEqualTo.m";
  isa = PBXFileReference;
};
  9A99FE71176E035DD681E57FC25BEF0E48A636B15278B4BA = {
  fileRef = 30B3431F11FDE51B6AEF1DA1ABFBC5A3E3C6C211711C13E3;
  settings = {
  COMPILER_FLAGS = "-fno-objc-arc";
};
  isa = PBXBuildFile;
};
  482289A2EAAD661D9CC1D8C9C26BC07201DD2583A429D287 = {
  fileRef = 30B3431F11FDE51B6AEF1DA1ABFBC5A3E3C6C211711C13E3;
  settings = {
  COMPILER_FLAGS = "-fno-objc-arc";
};
  isa = PBXBuildFile;
};
  30B3431F11FDE51B6AEF1DA1ABFBC5A3E3C6C211711C13E3 = {
  lastKnownFileType = "sourcecode.c.objc";
  sourceTree = "<group>";
  path = "EXPMatchers+toBeIdenticalTo.m";
  isa = PBXFileReference;
};
  8D95F5681E3FC8839389257CF27B410536D76FF1D4F60663 = {
  fileRef = B7D0F33CF748E9E138AF73A41498676893EA0BF94863F152;
  settings = {
  COMPILER_FLAGS = "-fno-objc-arc";
};
  isa = PBXBuildFile;
};
  23916369DC56F2A7F1006D7DB5E6BEBCE4BEC92501571F67 = {
  fileRef = B7D0F33CF748E9E138AF73A41498676893EA0BF94863F152;
  settings = {
  COMPILER_FLAGS = "-fno-objc-arc";
};
  isa = PBXBuildFile;
};
  B7D0F33CF748E9E138AF73A41498676893EA0BF94863F152 = {
  lastKnownFileType = "sourcecode.c.objc";
  sourceTree = "<group>";
  path = "EXPMatchers+toBeInstanceOf.m";
  isa = PBXFileReference;
};
  863BE5A03C47330F3FB4C889FB64DA9C49DBFA6916A9A013 = {
  fileRef = 237E889C8C8302A2892BFD1ABFB1C392EBF0220C9BDD7D76;
  settings = {
  COMPILER_FLAGS = "-fno-objc-arc";
};
  isa = PBXBuildFile;
};
  8D6A36198ADE00E58DB7D5FAC16D985742880DF2CD3CE3F6 = {
  fileRef = 237E889C8C8302A2892BFD1ABFB1C392EBF0220C9BDD7D76;
  settings = {
  COMPILER_FLAGS = "-fno-objc-arc";
};
  isa = PBXBuildFile;
};
  237E889C8C8302A2892BFD1ABFB1C392EBF0220C9BDD7D76 = {
  lastKnownFileType = "sourcecode.c.objc";
  sourceTree = "<group>";
  path = "EXPMatchers+toBeInTheRangeOf.m";
  isa = PBXFileReference;
};
  5797A6951A62BF57515AC288E5F9E169E3C8E8F7A93D8826 = {
  fileRef = F6431C58292B463FC0DFDDA70586D49FFC9600CA4DB06685;
  settings = {
  COMPILER_FLAGS = "-fno-objc-arc";
};
  isa = PBXBuildFile;
};
  4636DE395B352CD37A696E8F5D013EEF60398725134B15D0 = {
  fileRef = F6431C58292B463FC0DFDDA70586D49FFC9600CA4DB06685;
  settings = {
  COMPILER_FLAGS = "-fno-objc-arc";
};
  isa = PBXBuildFile;
};
  F6431C58292B463FC0DFDDA70586D49FFC9600CA4DB06685 = {
  lastKnownFileType = "sourcecode.c.objc";
  sourceTree = "<group>";
  path = "EXPMatchers+toBeKindOf.m";
  isa = PBXFileReference;
};
  CAD9F226A609A7560B9198878366919956D7382BF3EDD7A5 = {
  fileRef = 1FE39BC1BB1204AFCE705C52DD2C5FEE250BA2009044556C;
  settings = {
  COMPILER_FLAGS = "-fno-objc-arc";
};
  isa = PBXBuildFile;
};
  7CFC46A0202C78483BEA36032BC8F76A6BA069DD9A9B0FCE = {
  fileRef = 1FE39BC1BB1204AFCE705C52DD2C5FEE250BA2009044556C;
  settings = {
  COMPILER_FLAGS = "-fno-objc-arc";
};
  isa = PBXBuildFile;
};
  1FE39BC1BB1204AFCE705C52DD2C5FEE250BA2009044556C = {
  lastKnownFileType = "sourcecode.c.objc";
  sourceTree = "<group>";
  path = "EXPMatchers+toBeLessThan.m";
  isa = PBXFileReference;
};
  6427544B5D241D067C913C0232EADE97DE3C6B649CD491B8 = {
  fileRef = C6E899F7DD40D4FBC720A46F641EB7229BB048F3B5DC9E6A;
  settings = {
  COMPILER_FLAGS = "-fno-objc-arc";
};
  isa = PBXBuildFile;
};
  4A7669830C02F3864FD58B0B22086987AFD368E6DC7ED898 = {
  fileRef = C6E899F7DD40D4FBC720A46F641EB7229BB048F3B5DC9E6A;
  settings = {
  COMPILER_FLAGS = "-fno-objc-arc";
};
  isa = PBXBuildFile;
};
  C6E899F7DD40D4FBC720A46F641EB7229BB048F3B5DC9E6A = {
  lastKnownFileType = "sourcecode.c.objc";
  sourceTree = "<group>";
  path = "EXPMatchers+toBeLessThanOrEqualTo.m";
  isa = PBXFileReference;
};
  60EDB6A0498273E570050CE534743818EE4059E87A9F5162 = {
  fileRef = 3DEB85BD75EEE0F65909EC8A1714B30ACED38EC72F8AC8A3;
  settings = {
  COMPILER_FLAGS = "-fno-objc-arc";
};
  isa = PBXBuildFile;
};
  7A5C652EF3E570D9B0FCE231EC6235A9A680A6B8270B4B07 = {
  fileRef = 3DEB85BD75EEE0F65909EC8A1714B30ACED38EC72F8AC8A3;
  settings = {
  COMPILER_FLAGS = "-fno-objc-arc";
};
  isa = PBXBuildFile;
};
  3DEB85BD75EEE0F65909EC8A1714B30ACED38EC72F8AC8A3 = {
  lastKnownFileType = "sourcecode.c.objc";
  sourceTree = "<group>";
  path = "EXPMatchers+toBeNil.m";
  isa = PBXFileReference;
};
  3E6004585F01CF4EE015EDB7937970108AEE3AB0B6057455 = {
  fileRef = 6281F737F2B90CBC943C0AA7E7BA16B53DDC20EF5B97F93D;
  settings = {
  COMPILER_FLAGS = "-fno-objc-arc";
};
  isa = PBXBuildFile;
};
  04A5B63A0AC2B3EC5442F36D432C40F4BCC0FA7D2A6B092E = {
  fileRef = 6281F737F2B90CBC943C0AA7E7BA16B53DDC20EF5B97F93D;
  settings = {
  COMPILER_FLAGS = "-fno-objc-arc";
};
  isa = PBXBuildFile;
};
  6281F737F2B90CBC943C0AA7E7BA16B53DDC20EF5B97F93D = {
  lastKnownFileType = "sourcecode.c.objc";
  sourceTree = "<group>";
  path = "EXPMatchers+toBeSubclassOf.m";
  isa = PBXFileReference;
};
  81FF1720E1D7BB66B5DBB12CA2A16A90E4C6C3D905BDC795 = {
  fileRef = A5C1819C99FA2ECF2314B076BA310CE0939977F412093B00;
  settings = {
  COMPILER_FLAGS = "-fno-objc-arc";
};
  isa = PBXBuildFile;
};
  4BD403E7E8E0C1750CA5AEF37B8382757916D5364E9B7708 = {
  fileRef = A5C1819C99FA2ECF2314B076BA310CE0939977F412093B00;
  settings = {
  COMPILER_FLAGS = "-fno-objc-arc";
};
  isa = PBXBuildFile;
};
  A5C1819C99FA2ECF2314B076BA310CE0939977F412093B00 = {
  lastKnownFileType = "sourcecode.c.objc";
  sourceTree = "<group>";
  path = "EXPMatchers+toBeTruthy.m";
  isa = PBXFileReference;
};
  AE33E7BD5F199CE7878C1144AB895565DDD20027B50473E1 = {
  fileRef = 3230DC78339C656EB300D7B610FCAA3DEEC5DD738BED32A9;
  settings = {
  COMPILER_FLAGS = "-fno-objc-arc";
};
  isa = PBXBuildFile;
};
  FF7E23A296F5FA2F840EAF5F625A482FDEAF360F9390629F = {
  fileRef = 3230DC78339C656EB300D7B610FCAA3DEEC5DD738BED32A9;
  settings = {
  COMPILER_FLAGS = "-fno-objc-arc";
};
  isa = PBXBuildFile;
};
  3230DC78339C656EB300D7B610FCAA3DEEC5DD738BED32A9 = {
  lastKnownFileType = "sourcecode.c.objc";
  sourceTree = "<group>";
  path = "EXPMatchers+toContain.m";
  isa = PBXFileReference;
};
  783F1A9F6DB6907EED8468495591760492D40A75CCDBA0C1 = {
  fileRef = 22C3DC62ACC35D1A8A6B86F80C5AE2989DB4DAF45B892757;
  settings = {
  COMPILER_FLAGS = "-fno-objc-arc";
};
  isa = PBXBuildFile;
};
  B048C23D519906C92F8B407D1BF82091A7AC0960A7DF751C = {
  fileRef = 22C3DC62ACC35D1A8A6B86F80C5AE2989DB4DAF45B892757;
  settings = {
  COMPILER_FLAGS = "-fno-objc-arc";
};
  isa = PBXBuildFile;
};
  22C3DC62ACC35D1A8A6B86F80C5AE2989DB4DAF45B892757 = {
  lastKnownFileType = "sourcecode.c.objc";
  sourceTree = "<group>";
  path = "EXPMatchers+toEqual.m";
  isa = PBXFileReference;
};
  64C9722527C00C644DD7B1CBBE1211FA628578CA9BD4A07A = {
  fileRef = 9F8B0C69A54ACF65930B9D540BF91ED8154BBE155707DAE4;
  settings = {
  COMPILER_FLAGS = "-fno-objc-arc";
};
  isa = PBXBuildFile;
};
  8E0A9416CDF05EDD02C0C445A2E94D5326DDA8010FF43EF9 = {
  fileRef = 9F8B0C69A54ACF65930B9D540BF91ED8154BBE155707DAE4;
  settings = {
  COMPILER_FLAGS = "-fno-objc-arc";
};
  isa = PBXBuildFile;
};
  9F8B0C69A54ACF65930B9D540BF91ED8154BBE155707DAE4 = {
  lastKnownFileType = "sourcecode.c.objc";
  sourceTree = "<group>";
  path = "NSValue+Expecta.m";
  isa = PBXFileReference;
};
  3783899C273E62A375B0D929C1825F2596EC9AE898A45EF6 = {
  path = MagicalRecord;
  sourceTree = "<group>";
  children = (
801BF14E2A0C94085F6A5B523AEAEB742110D42AD192B374,D9AE634B35AC64479EA7F624067B56B224A1EA28DA977C9A,6FE52929950C0F58D762D2D970337A992E7E2E09D6EC61E0,3496849022383D0DE12F2047AD6BA6A48E435C7303ADFA0A,059A5CC8E6AE5DEB3C1C0E67DBED384C09ADD8AF09C0C0C0,E33D38CE065E0EF8E802F7C67E3846713CE3EECF1B592EC8,88F75E9D209F12DEBB18A380F60D1021D31CED94BE54E819,8064C5803C663501027C58F5A1FEDFD5B710FC15CB5CD02F,73A1D56D59D1DB86AEBBEFB9F9C1EB0989B13DED864E1EAF,3DB6309AFAA8B8E1C92A62B02EA0D322E5235A251269A846,91B1BC60DCC2D35E0A508060F4C6A0F669E9A568BDB1D706,8029028BF41A3D02ECA7BF101F3E327F0CB3857F238FCAC1,D55739907360246A7B43927E7344920B282D37FE7A322781,506275CCBA3C9F1EEF6A2F646FF682124B50CEABEB2DA0B1,E7A8752A6D2F0A2A60AF11850E3E2FBFFBBFEF73997F6F84,217AF55BC1603F8124675E7FD108AC7B76746084BC95E7D0,7A072959989E898FD4F2130CEEC8D7CA5DE813538B94CFFE,60A14FBE22DFF2C7EBEAA8D424EDBE538F82EDEC04A662A4,472F76A00F4CCA15D88BB88E4F628EA59E10A23A57F08189,F39921CDCA8B6516BA81951231FAFB2AB9A8266DBF4684DE,40788C06795950C947FC066F8D4E46FA92F25D8991BAE600,449423D492B023E594F237EB3D69274D94526908EE143B38,DE14DD0253C28B45597E42792C2C6D9397E95657D93D4EDE,B8A999725B36AB2E18761F1DD1F150480E162F4F1C4DF105,2306828E06E7CD112956A366759D3B3A0AD96DBD74BF9CEF,EDD31F2D90E263EF06B6003EE492663E789220AB3DBB9A38,CCD0CF5CC7D0E6503E515E2821B67FDC451E875CFA20CE04,AFDED38DE4CB492AA043DD6D834FCCB131C13547BFBEE268,2A71EF73F4702EF986D2BAF26C6DD33EA7483D273EC5F227,40F3D9B0377332DF59F49A005E6DD2D0D2B1201B997B36BD,
);
  isa = PBXGroup;
};
  801BF14E2A0C94085F6A5B523AEAEB742110D42AD192B374 = {
  lastKnownFileType = "sourcecode.c.h";
  sourceTree = "<group>";
  path = "NSAttributeDescription+MagicalDataImport.h";
  isa = PBXFileReference;
};
  04F7ABD584670DB1AD0F3E244772515EF082CB6691C5386A = {
  fileRef = D9AE634B35AC64479EA7F624067B56B224A1EA28DA977C9A;
  isa = PBXBuildFile;
};
  D9AE634B35AC64479EA7F624067B56B224A1EA28DA977C9A = {
  lastKnownFileType = "sourcecode.c.objc";
  sourceTree = "<group>";
  path = "NSAttributeDescription+MagicalDataImport.m";
  isa = PBXFileReference;
};
  6FE52929950C0F58D762D2D970337A992E7E2E09D6EC61E0 = {
  lastKnownFileType = "sourcecode.c.h";
  sourceTree = "<group>";
  path = "NSEntityDescription+MagicalDataImport.h";
  isa = PBXFileReference;
};
  4F938C337F58F60DFFDF6DECFC3E781310B61CF7B8AD538C = {
  fileRef = 3496849022383D0DE12F2047AD6BA6A48E435C7303ADFA0A;
  isa = PBXBuildFile;
};
  3496849022383D0DE12F2047AD6BA6A48E435C7303ADFA0A = {
  lastKnownFileType = "sourcecode.c.objc";
  sourceTree = "<group>";
  path = "NSEntityDescription+MagicalDataImport.m";
  isa = PBXFileReference;
};
  059A5CC8E6AE5DEB3C1C0E67DBED384C09ADD8AF09C0C0C0 = {
  lastKnownFileType = "sourcecode.c.h";
  sourceTree = "<group>";
  path = "NSNumber+MagicalDataImport.h";
  isa = PBXFileReference;
};
  87CFF89698D1177AA13397DEB832F7D4935272E61F26DE95 = {
  fileRef = E33D38CE065E0EF8E802F7C67E3846713CE3EECF1B592EC8;
  isa = PBXBuildFile;
};
  E33D38CE065E0EF8E802F7C67E3846713CE3EECF1B592EC8 = {
  lastKnownFileType = "sourcecode.c.objc";
  sourceTree = "<group>";
  path = "NSNumber+MagicalDataImport.m";
  isa = PBXFileReference;
};
  88F75E9D209F12DEBB18A380F60D1021D31CED94BE54E819 = {
  lastKnownFileType = "sourcecode.c.h";
  sourceTree = "<group>";
  path = "NSObject+MagicalDataImport.h";
  isa = PBXFileReference;
};
  2518D841755B505429467035B32D7F63291F434B152F7687 = {
  fileRef = 8064C5803C663501027C58F5A1FEDFD5B710FC15CB5CD02F;
  isa = PBXBuildFile;
};
  8064C5803C663501027C58F5A1FEDFD5B710FC15CB5CD02F = {
  lastKnownFileType = "sourcecode.c.objc";
  sourceTree = "<group>";
  path = "NSObject+MagicalDataImport.m";
  isa = PBXFileReference;
};
  73A1D56D59D1DB86AEBBEFB9F9C1EB0989B13DED864E1EAF = {
  lastKnownFileType = "sourcecode.c.h";
  sourceTree = "<group>";
  path = "NSRelationshipDescription+MagicalDataImport.h";
  isa = PBXFileReference;
};
  0657B53E5A60799CAEFCCFC3AF3F48DAE39A5E289A031BDF = {
  fileRef = 3DB6309AFAA8B8E1C92A62B02EA0D322E5235A251269A846;
  isa = PBXBuildFile;
};
  3DB6309AFAA8B8E1C92A62B02EA0D322E5235A251269A846 = {
  lastKnownFileType = "sourcecode.c.objc";
  sourceTree = "<group>";
  path = "NSRelationshipDescription+MagicalDataImport.m";
  isa = PBXFileReference;
};
  91B1BC60DCC2D35E0A508060F4C6A0F669E9A568BDB1D706 = {
  lastKnownFileType = "sourcecode.c.h";
  sourceTree = "<group>";
  path = "NSString+MagicalDataImport.h";
  isa = PBXFileReference;
};
  BC23A53E57C76A8D09DEB0F99755AB82B8A4AEBDB8B8CA46 = {
  fileRef = 8029028BF41A3D02ECA7BF101F3E327F0CB3857F238FCAC1;
  isa = PBXBuildFile;
};
  8029028BF41A3D02ECA7BF101F3E327F0CB3857F238FCAC1 = {
  lastKnownFileType = "sourcecode.c.objc";
  sourceTree = "<group>";
  path = "NSString+MagicalDataImport.m";
  isa = PBXFileReference;
};
  D55739907360246A7B43927E7344920B282D37FE7A322781 = {
  lastKnownFileType = "sourcecode.c.h";
  sourceTree = "<group>";
  path = "NSManagedObject+MagicalDataImport.h";
  isa = PBXFileReference;
};
  985D8CAE10742172A4A0438AD6A553FB453DA948D12225C8 = {
  fileRef = 506275CCBA3C9F1EEF6A2F646FF682124B50CEABEB2DA0B1;
  isa = PBXBuildFile;
};
  506275CCBA3C9F1EEF6A2F646FF682124B50CEABEB2DA0B1 = {
  lastKnownFileType = "sourcecode.c.objc";
  sourceTree = "<group>";
  path = "NSManagedObject+MagicalDataImport.m";
  isa = PBXFileReference;
};
  E7A8752A6D2F0A2A60AF11850E3E2FBFFBBFEF73997F6F84 = {
  lastKnownFileType = "sourcecode.c.h";
  sourceTree = "<group>";
  path = "NSManagedObject+MagicalRecord.h";
  isa = PBXFileReference;
};
  186FBBD9ED122551025FF4BD716CF8718AA761E2C6BF9154 = {
  fileRef = 217AF55BC1603F8124675E7FD108AC7B76746084BC95E7D0;
  isa = PBXBuildFile;
};
  217AF55BC1603F8124675E7FD108AC7B76746084BC95E7D0 = {
  lastKnownFileType = "sourcecode.c.objc";
  sourceTree = "<group>";
  path = "NSManagedObject+MagicalRecord.m";
  isa = PBXFileReference;
};
  7A072959989E898FD4F2130CEEC8D7CA5DE813538B94CFFE = {
  lastKnownFileType = "sourcecode.c.h";
  sourceTree = "<group>";
  path = "NSManagedObjectContext+MagicalRecord.h";
  isa = PBXFileReference;
};
  2B741B1951DE3FAB101C0A1405D220C9CF9C836CDB0C32F6 = {
  fileRef = 60A14FBE22DFF2C7EBEAA8D424EDBE538F82EDEC04A662A4;
  isa = PBXBuildFile;
};
  60A14FBE22DFF2C7EBEAA8D424EDBE538F82EDEC04A662A4 = {
  lastKnownFileType = "sourcecode.c.objc";
  sourceTree = "<group>";
  path = "NSManagedObjectContext+MagicalRecord.m";
  isa = PBXFileReference;
};
  472F76A00F4CCA15D88BB88E4F628EA59E10A23A57F08189 = {
  lastKnownFileType = "sourcecode.c.h";
  sourceTree = "<group>";
  path = "NSManagedObjectModel+MagicalRecord.h";
  isa = PBXFileReference;
};
  D5916E41E1EF99641484CAF542172BE586E8B8CD7DE10137 = {
  fileRef = F39921CDCA8B6516BA81951231FAFB2AB9A8266DBF4684DE;
  isa = PBXBuildFile;
};
  F39921CDCA8B6516BA81951231FAFB2AB9A8266DBF4684DE = {
  lastKnownFileType = "sourcecode.c.objc";
  sourceTree = "<group>";
  path = "NSManagedObjectModel+MagicalRecord.m";
  isa = PBXFileReference;
};
  40788C06795950C947FC066F8D4E46FA92F25D8991BAE600 = {
  lastKnownFileType = "sourcecode.c.h";
  sourceTree = "<group>";
  path = "NSPersistentStore+MagicalRecord.h";
  isa = PBXFileReference;
};
  517E1906E5BBE7F7DF5460A9A84429787D3EEF594077B9ED = {
  fileRef = 449423D492B023E594F237EB3D69274D94526908EE143B38;
  isa = PBXBuildFile;
};
  449423D492B023E594F237EB3D69274D94526908EE143B38 = {
  lastKnownFileType = "sourcecode.c.objc";
  sourceTree = "<group>";
  path = "NSPersistentStore+MagicalRecord.m";
  isa = PBXFileReference;
};
  DE14DD0253C28B45597E42792C2C6D9397E95657D93D4EDE = {
  lastKnownFileType = "sourcecode.c.h";
  sourceTree = "<group>";
  path = "NSPersistentStoreCoordinator+MagicalRecord.h";
  isa = PBXFileReference;
};
  73DC396F34721B6A92F14582E8B13605451A7E77F426FDE6 = {
  fileRef = B8A999725B36AB2E18761F1DD1F150480E162F4F1C4DF105;
  isa = PBXBuildFile;
};
  B8A999725B36AB2E18761F1DD1F150480E162F4F1C4DF105 = {
  lastKnownFileType = "sourcecode.c.objc";
  sourceTree = "<group>";
  path = "NSPersistentStoreCoordinator+MagicalRecord.m";
  isa = PBXFileReference;
};
  2306828E06E7CD112956A366759D3B3A0AD96DBD74BF9CEF = {
  lastKnownFileType = "sourcecode.c.h";
  sourceTree = "<group>";
  path = "CoreData+MagicalRecord.h";
  isa = PBXFileReference;
};
  EDD31F2D90E263EF06B6003EE492663E789220AB3DBB9A38 = {
  lastKnownFileType = "sourcecode.c.h";
  sourceTree = "<group>";
  path = "MagicalRecordHelpers.h";
  isa = PBXFileReference;
};
  B6BF8DEE316EC1EBF05127C9E3DDF84631A9D360071ED1F4 = {
  fileRef = CCD0CF5CC7D0E6503E515E2821B67FDC451E875CFA20CE04;
  isa = PBXBuildFile;
};
  CCD0CF5CC7D0E6503E515E2821B67FDC451E875CFA20CE04 = {
  lastKnownFileType = "sourcecode.c.objc";
  sourceTree = "<group>";
  path = "MagicalRecordHelpers.m";
  isa = PBXFileReference;
};
  AFDED38DE4CB492AA043DD6D834FCCB131C13547BFBEE268 = {
  lastKnownFileType = "sourcecode.c.h";
  sourceTree = "<group>";
  path = "MagicalRecordShorthand.h";
  isa = PBXFileReference;
};
  2A71EF73F4702EF986D2BAF26C6DD33EA7483D273EC5F227 = {
  lastKnownFileType = "sourcecode.c.h";
  sourceTree = "<group>";
  path = "MRCoreDataAction.h";
  isa = PBXFileReference;
};
  CB88EA528B48C9B76EB9DF52E232D5CF890DEEFA7DFBEB49 = {
  fileRef = 40F3D9B0377332DF59F49A005E6DD2D0D2B1201B997B36BD;
  isa = PBXBuildFile;
};
  40F3D9B0377332DF59F49A005E6DD2D0D2B1201B997B36BD = {
  lastKnownFileType = "sourcecode.c.objc";
  sourceTree = "<group>";
  path = "MRCoreDataAction.m";
  isa = PBXFileReference;
};
  5ECFE6349FDE64D79CA08ADB6F696C13A7576799584456EB = {
  path = OCMock;
  sourceTree = "<group>";
  children = (
FBA0802DA6A3DFB308690368935838AE09A61C2FD99C5E89,5AA91D4882E2C571D6DAD0A992401E6F70849338C6FDACDC,B41681A5C51E2FFED4E80686488D982228DE55BBB97AD070,405099A7FA6BAFDE329C439230D0F77503FA45C30DD2F1DF,C2C6C414662AA7F98135966B51A40957A2B43D619E66DBCB,E74388AF86AE641467C2AA3C54BF8D0A2FB58F9A63B04C19,EAA73C30FC328C4C84B2472C10FA4D82DE2412922838392D,E1A1FEF872E0D5CAE088F7A5508FC9A90643E888868AC5E5,6C088BBBD6F54B2789CDDA9414E5D1AE47A41E3B420B0FBF,0E59B69EF8261BB39730FEF536237D9195932F640135E195,850A9D3BDB1A84E421DE6967610590CC68B2AB996DD3AFA3,1677195687EC55226A658518E14416FF74134733B756FCD3,5F133BC169F7DCCB89F1AD8C307A9F1F903B1B30F60B7B78,C7529FB84C2C28FA39C3A0AC3AC13AAABBFFD708DCE84557,226685D9A2FAB6AEE42626B1B7A3BCECE126F2A8AFE2C4DB,F97F9EB10696DF56ED596A0E583731E1A9600F7E32B5DF12,5D99910BB48E9C03C7E960269426CACC0D673BDF361B1164,7ED33D499B6E32394A4BF49F17DB0A16A60523FF817FC6EA,97235F08D663B276FCC1B20589E40E6E50DAF1C0FC827D55,2EC2A26AEF968E6E882BD789B0CE229DAA012BBC4B3DD763,14C3900C3A1B044AC5DE0CAACB283F2E5DF4B69885B731EF,4E5A4A59FF771D564097DE27E2886DE45CED7A2C10A0874C,52793ECD6878D7A8A2BD1039FB7D966C7DAAB25A5CCCF41F,5854D8068370A77C854071DD9ABE7AF86FCE14216498C502,A017DB30BAC0CE9B287A04CEA1EB2A815B80C01AB1854AD0,2C6D8B2BDBC7AC2F2199932135CC838CA6FBF290B6BD3EEC,178B644E796F6D2C0E0D5B95B2F84843AF16EE8D2B7DA869,DDA5018C4E7D46571EA4245DD3B4D99C8083AD66EB423A53,B24D60F1A3E29DCCC517996F389276CA09ABFA1FEEE88552,7DC8424BB40A74E4D409B0D046ABC7C099C8993AF89C2B6E,9E163474C7110601D5EA9C3591C8CC31596B11C4410B8F88,5AF39BC721D76573416158FC9A34980B39FCF9BCACF7249A,A4A926A9FBDCE887308A4239F2DEA0EB562E68C64D40E281,05EA213590C3B1164C6724DEC4B70FAC928ECC734173F106,D447526500183F9401409257EF04006762F702EEA146C57F,DF12921D06E2EB8EEFB99F4F367E255A3256CDE91543AC3B,180E0BDE3A340079E3989748634252E62E9CB39B8C27C41F,C10A5571B46069E250C7B534FABBDC531A08B277992C8792,11F3046FB5322EEBA3F976B65527ECCF0C1708DDAA5D20B4,3D1D1E7236B91D97F30A7D60AC440F699D2054A90BEF7508,551D12315E56DDCBCAE7375D2E626BBCCCA22EC72027CD9B,A280C9BE5D281590188F12D51877369CC48D5DE4FAAFE4E5,559135FEF57493DE7BA131B4FED1FE69D549B1A0C79A2743,
);
  isa = PBXGroup;
};
  FBA0802DA6A3DFB308690368935838AE09A61C2FD99C5E89 = {
  lastKnownFileType = "sourcecode.c.h";
  sourceTree = "<group>";
  path = "NSInvocation+OCMAdditions.h";
  isa = PBXFileReference;
};
  5AA91D4882E2C571D6DAD0A992401E6F70849338C6FDACDC = {
  lastKnownFileType = "sourcecode.c.h";
  sourceTree = "<group>";
  path = "NSMethodSignature+OCMAdditions.h";
  isa = PBXFileReference;
};
  B41681A5C51E2FFED4E80686488D982228DE55BBB97AD070 = {
  lastKnownFileType = "sourcecode.c.h";
  sourceTree = "<group>";
  path = "NSNotificationCenter+OCMAdditions.h";
  isa = PBXFileReference;
};
  405099A7FA6BAFDE329C439230D0F77503FA45C30DD2F1DF = {
  lastKnownFileType = "sourcecode.c.h";
  sourceTree = "<group>";
  path = "OCClassMockObject.h";
  isa = PBXFileReference;
};
  C2C6C414662AA7F98135966B51A40957A2B43D619E66DBCB = {
  lastKnownFileType = "sourcecode.c.h";
  sourceTree = "<group>";
  path = "OCMArg.h";
  isa = PBXFileReference;
};
  E74388AF86AE641467C2AA3C54BF8D0A2FB58F9A63B04C19 = {
  lastKnownFileType = "sourcecode.c.h";
  sourceTree = "<group>";
  path = "OCMBlockCaller.h";
  isa = PBXFileReference;
};
  EAA73C30FC328C4C84B2472C10FA4D82DE2412922838392D = {
  lastKnownFileType = "sourcecode.c.h";
  sourceTree = "<group>";
  path = "OCMBoxedReturnValueProvider.h";
  isa = PBXFileReference;
};
  E1A1FEF872E0D5CAE088F7A5508FC9A90643E888868AC5E5 = {
  lastKnownFileType = "sourcecode.c.h";
  sourceTree = "<group>";
  path = "OCMConstraint.h";
  isa = PBXFileReference;
};
  6C088BBBD6F54B2789CDDA9414E5D1AE47A41E3B420B0FBF = {
  lastKnownFileType = "sourcecode.c.h";
  sourceTree = "<group>";
  path = "OCMExceptionReturnValueProvider.h";
  isa = PBXFileReference;
};
  0E59B69EF8261BB39730FEF536237D9195932F640135E195 = {
  lastKnownFileType = "sourcecode.c.h";
  sourceTree = "<group>";
  path = "OCMIndirectReturnValueProvider.h";
  isa = PBXFileReference;
};
  850A9D3BDB1A84E421DE6967610590CC68B2AB996DD3AFA3 = {
  lastKnownFileType = "sourcecode.c.h";
  sourceTree = "<group>";
  path = "OCMNotificationPoster.h";
  isa = PBXFileReference;
};
  1677195687EC55226A658518E14416FF74134733B756FCD3 = {
  lastKnownFileType = "sourcecode.c.h";
  sourceTree = "<group>";
  path = "OCMObserverRecorder.h";
  isa = PBXFileReference;
};
  5F133BC169F7DCCB89F1AD8C307A9F1F903B1B30F60B7B78 = {
  lastKnownFileType = "sourcecode.c.h";
  sourceTree = "<group>";
  path = "OCMock.h";
  isa = PBXFileReference;
};
  C7529FB84C2C28FA39C3A0AC3AC13AAABBFFD708DCE84557 = {
  lastKnownFileType = "sourcecode.c.h";
  sourceTree = "<group>";
  path = "OCMockObject.h";
  isa = PBXFileReference;
};
  226685D9A2FAB6AEE42626B1B7A3BCECE126F2A8AFE2C4DB = {
  lastKnownFileType = "sourcecode.c.h";
  sourceTree = "<group>";
  path = "OCMockRecorder.h";
  isa = PBXFileReference;
};
  F97F9EB10696DF56ED596A0E583731E1A9600F7E32B5DF12 = {
  lastKnownFileType = "sourcecode.c.h";
  sourceTree = "<group>";
  path = "OCMPassByRefSetter.h";
  isa = PBXFileReference;
};
  5D99910BB48E9C03C7E960269426CACC0D673BDF361B1164 = {
  lastKnownFileType = "sourcecode.c.h";
  sourceTree = "<group>";
  path = "OCMRealObjectForwarder.h";
  isa = PBXFileReference;
};
  7ED33D499B6E32394A4BF49F17DB0A16A60523FF817FC6EA = {
  lastKnownFileType = "sourcecode.c.h";
  sourceTree = "<group>";
  path = "OCMReturnValueProvider.h";
  isa = PBXFileReference;
};
  97235F08D663B276FCC1B20589E40E6E50DAF1C0FC827D55 = {
  lastKnownFileType = "sourcecode.c.h";
  sourceTree = "<group>";
  path = "OCObserverMockObject.h";
  isa = PBXFileReference;
};
  2EC2A26AEF968E6E882BD789B0CE229DAA012BBC4B3DD763 = {
  lastKnownFileType = "sourcecode.c.h";
  sourceTree = "<group>";
  path = "OCPartialMockObject.h";
  isa = PBXFileReference;
};
  14C3900C3A1B044AC5DE0CAACB283F2E5DF4B69885B731EF = {
  lastKnownFileType = "sourcecode.c.h";
  sourceTree = "<group>";
  path = "OCPartialMockRecorder.h";
  isa = PBXFileReference;
};
  4E5A4A59FF771D564097DE27E2886DE45CED7A2C10A0874C = {
  lastKnownFileType = "sourcecode.c.h";
  sourceTree = "<group>";
  path = "OCProtocolMockObject.h";
  isa = PBXFileReference;
};
  EE584A915B22682072CADDCB4C1DFE3DD18D1EFAB633CCA7 = {
  fileRef = 52793ECD6878D7A8A2BD1039FB7D966C7DAAB25A5CCCF41F;
  settings = {
  COMPILER_FLAGS = "-fno-objc-arc";
};
  isa = PBXBuildFile;
};
  BDEA4B61575E5B10C925449CC232827433CA9C91CBAE0F2D = {
  fileRef = 52793ECD6878D7A8A2BD1039FB7D966C7DAAB25A5CCCF41F;
  settings = {
  COMPILER_FLAGS = "-fno-objc-arc";
};
  isa = PBXBuildFile;
};
  52793ECD6878D7A8A2BD1039FB7D966C7DAAB25A5CCCF41F = {
  lastKnownFileType = "sourcecode.c.objc";
  sourceTree = "<group>";
  path = "NSInvocation+OCMAdditions.m";
  isa = PBXFileReference;
};
  14A267FCA834509CAC2115D4BC8911DDDB7F96249CCF2AE3 = {
  fileRef = 5854D8068370A77C854071DD9ABE7AF86FCE14216498C502;
  settings = {
  COMPILER_FLAGS = "-fno-objc-arc";
};
  isa = PBXBuildFile;
};
  E4F9120DF850912BCFFF3EDFF87A125A4FABCCEEEEDC91D4 = {
  fileRef = 5854D8068370A77C854071DD9ABE7AF86FCE14216498C502;
  settings = {
  COMPILER_FLAGS = "-fno-objc-arc";
};
  isa = PBXBuildFile;
};
  5854D8068370A77C854071DD9ABE7AF86FCE14216498C502 = {
  lastKnownFileType = "sourcecode.c.objc";
  sourceTree = "<group>";
  path = "NSMethodSignature+OCMAdditions.m";
  isa = PBXFileReference;
};
  154148378DB3812882D3E955D49513899894CD9F8515B543 = {
  fileRef = A017DB30BAC0CE9B287A04CEA1EB2A815B80C01AB1854AD0;
  settings = {
  COMPILER_FLAGS = "-fno-objc-arc";
};
  isa = PBXBuildFile;
};
  68FF88578CC8831539440BF469DA28588FC14589763B234B = {
  fileRef = A017DB30BAC0CE9B287A04CEA1EB2A815B80C01AB1854AD0;
  settings = {
  COMPILER_FLAGS = "-fno-objc-arc";
};
  isa = PBXBuildFile;
};
  A017DB30BAC0CE9B287A04CEA1EB2A815B80C01AB1854AD0 = {
  lastKnownFileType = "sourcecode.c.objc";
  sourceTree = "<group>";
  path = "NSNotificationCenter+OCMAdditions.m";
  isa = PBXFileReference;
};
  F0E80ECFCED611303BD28046F9C3B64F43EAD7A8A54A79E2 = {
  fileRef = 2C6D8B2BDBC7AC2F2199932135CC838CA6FBF290B6BD3EEC;
  settings = {
  COMPILER_FLAGS = "-fno-objc-arc";
};
  isa = PBXBuildFile;
};
  5891E0D29539150650CEB07CDFA059D78A485EF832911572 = {
  fileRef = 2C6D8B2BDBC7AC2F2199932135CC838CA6FBF290B6BD3EEC;
  settings = {
  COMPILER_FLAGS = "-fno-objc-arc";
};
  isa = PBXBuildFile;
};
  2C6D8B2BDBC7AC2F2199932135CC838CA6FBF290B6BD3EEC = {
  lastKnownFileType = "sourcecode.c.objc";
  sourceTree = "<group>";
  path = "OCClassMockObject.m";
  isa = PBXFileReference;
};
  35C94288654BF785FEB460BF6769A22D8E1D6B6B2A89DAB1 = {
  fileRef = 178B644E796F6D2C0E0D5B95B2F84843AF16EE8D2B7DA869;
  settings = {
  COMPILER_FLAGS = "-fno-objc-arc";
};
  isa = PBXBuildFile;
};
  1FD1678F37C9B6C0F05F7E35EE07F3E9BDC3D6AF2B2B72EE = {
  fileRef = 178B644E796F6D2C0E0D5B95B2F84843AF16EE8D2B7DA869;
  settings = {
  COMPILER_FLAGS = "-fno-objc-arc";
};
  isa = PBXBuildFile;
};
  178B644E796F6D2C0E0D5B95B2F84843AF16EE8D2B7DA869 = {
  lastKnownFileType = "sourcecode.c.objc";
  sourceTree = "<group>";
  path = "OCMArg.m";
  isa = PBXFileReference;
};
  B8189643B2AA898450A70A26A8BED35FE91D26128205304C = {
  fileRef = DDA5018C4E7D46571EA4245DD3B4D99C8083AD66EB423A53;
  settings = {
  COMPILER_FLAGS = "-fno-objc-arc";
};
  isa = PBXBuildFile;
};
  8C17765A7D8D0D521B5AE074546BCD3EAD758704798C08EA = {
  fileRef = DDA5018C4E7D46571EA4245DD3B4D99C8083AD66EB423A53;
  settings = {
  COMPILER_FLAGS = "-fno-objc-arc";
};
  isa = PBXBuildFile;
};
  DDA5018C4E7D46571EA4245DD3B4D99C8083AD66EB423A53 = {
  lastKnownFileType = "sourcecode.c.objc";
  sourceTree = "<group>";
  path = "OCMBlockCaller.m";
  isa = PBXFileReference;
};
  FAF68FB496758064E14BE36C05CD56F0CDDB522F1C7447D4 = {
  fileRef = B24D60F1A3E29DCCC517996F389276CA09ABFA1FEEE88552;
  settings = {
  COMPILER_FLAGS = "-fno-objc-arc";
};
  isa = PBXBuildFile;
};
  8488E8FD53541994B57896B197B3DC56B6DE6B27BA33A004 = {
  fileRef = B24D60F1A3E29DCCC517996F389276CA09ABFA1FEEE88552;
  settings = {
  COMPILER_FLAGS = "-fno-objc-arc";
};
  isa = PBXBuildFile;
};
  B24D60F1A3E29DCCC517996F389276CA09ABFA1FEEE88552 = {
  lastKnownFileType = "sourcecode.c.objc";
  sourceTree = "<group>";
  path = "OCMBoxedReturnValueProvider.m";
  isa = PBXFileReference;
};
  FA74E671134BF7F9213D41A5A7994893FF19B6D9E59F65A8 = {
  fileRef = 7DC8424BB40A74E4D409B0D046ABC7C099C8993AF89C2B6E;
  settings = {
  COMPILER_FLAGS = "-fno-objc-arc";
};
  isa = PBXBuildFile;
};
  5B08FAFDDBE4931F4ED2C17AB38D545F067868EB6E251BA1 = {
  fileRef = 7DC8424BB40A74E4D409B0D046ABC7C099C8993AF89C2B6E;
  settings = {
  COMPILER_FLAGS = "-fno-objc-arc";
};
  isa = PBXBuildFile;
};
  7DC8424BB40A74E4D409B0D046ABC7C099C8993AF89C2B6E = {
  lastKnownFileType = "sourcecode.c.objc";
  sourceTree = "<group>";
  path = "OCMConstraint.m";
  isa = PBXFileReference;
};
  C37DA859871BD60687BF26487BAE884951C260E476772406 = {
  fileRef = 9E163474C7110601D5EA9C3591C8CC31596B11C4410B8F88;
  settings = {
  COMPILER_FLAGS = "-fno-objc-arc";
};
  isa = PBXBuildFile;
};
  87CF30577227AEE3A5C32849A94E80EBEABC52417E430F21 = {
  fileRef = 9E163474C7110601D5EA9C3591C8CC31596B11C4410B8F88;
  settings = {
  COMPILER_FLAGS = "-fno-objc-arc";
};
  isa = PBXBuildFile;
};
  9E163474C7110601D5EA9C3591C8CC31596B11C4410B8F88 = {
  lastKnownFileType = "sourcecode.c.objc";
  sourceTree = "<group>";
  path = "OCMExceptionReturnValueProvider.m";
  isa = PBXFileReference;
};
  ACE7BEA1224A0B091165D29280F88F6F27988CE8F25A27A3 = {
  fileRef = 5AF39BC721D76573416158FC9A34980B39FCF9BCACF7249A;
  settings = {
  COMPILER_FLAGS = "-fno-objc-arc";
};
  isa = PBXBuildFile;
};
  E3A87F1099FD93BBF1474738CF8796CA495EB70C780939D2 = {
  fileRef = 5AF39BC721D76573416158FC9A34980B39FCF9BCACF7249A;
  settings = {
  COMPILER_FLAGS = "-fno-objc-arc";
};
  isa = PBXBuildFile;
};
  5AF39BC721D76573416158FC9A34980B39FCF9BCACF7249A = {
  lastKnownFileType = "sourcecode.c.objc";
  sourceTree = "<group>";
  path = "OCMIndirectReturnValueProvider.m";
  isa = PBXFileReference;
};
  168D843AB1DDB562A052B8F4A062952404CE93BE0E0C85EA = {
  fileRef = A4A926A9FBDCE887308A4239F2DEA0EB562E68C64D40E281;
  settings = {
  COMPILER_FLAGS = "-fno-objc-arc";
};
  isa = PBXBuildFile;
};
  516926558E6AD01BB84E69576210F95CF485DDF8A2601EB7 = {
  fileRef = A4A926A9FBDCE887308A4239F2DEA0EB562E68C64D40E281;
  settings = {
  COMPILER_FLAGS = "-fno-objc-arc";
};
  isa = PBXBuildFile;
};
  A4A926A9FBDCE887308A4239F2DEA0EB562E68C64D40E281 = {
  lastKnownFileType = "sourcecode.c.objc";
  sourceTree = "<group>";
  path = "OCMNotificationPoster.m";
  isa = PBXFileReference;
};
  72DDF2E5629E0EF2A062CCE56572CDDCABA495817E4F5633 = {
  fileRef = 05EA213590C3B1164C6724DEC4B70FAC928ECC734173F106;
  settings = {
  COMPILER_FLAGS = "-fno-objc-arc";
};
  isa = PBXBuildFile;
};
  E64E9935DD2D62964E4C77836E044EDF2043AE2C0E3449ED = {
  fileRef = 05EA213590C3B1164C6724DEC4B70FAC928ECC734173F106;
  settings = {
  COMPILER_FLAGS = "-fno-objc-arc";
};
  isa = PBXBuildFile;
};
  05EA213590C3B1164C6724DEC4B70FAC928ECC734173F106 = {
  lastKnownFileType = "sourcecode.c.objc";
  sourceTree = "<group>";
  path = "OCMObserverRecorder.m";
  isa = PBXFileReference;
};
  5FF45D8A46A2A3014EF4F88D3D16650D4F36821779C884A0 = {
  fileRef = D447526500183F9401409257EF04006762F702EEA146C57F;
  settings = {
  COMPILER_FLAGS = "-fno-objc-arc";
};
  isa = PBXBuildFile;
};
  F5171850236A0B4976E95D9CA33CBBB54935A1F55090E94D = {
  fileRef = D447526500183F9401409257EF04006762F702EEA146C57F;
  settings = {
  COMPILER_FLAGS = "-fno-objc-arc";
};
  isa = PBXBuildFile;
};
  D447526500183F9401409257EF04006762F702EEA146C57F = {
  lastKnownFileType = "sourcecode.c.objc";
  sourceTree = "<group>";
  path = "OCMockObject.m";
  isa = PBXFileReference;
};
  2490DA472E516C91EF9029540E5437DA94850146325825DC = {
  fileRef = DF12921D06E2EB8EEFB99F4F367E255A3256CDE91543AC3B;
  settings = {
  COMPILER_FLAGS = "-fno-objc-arc";
};
  isa = PBXBuildFile;
};
  48749BD41895A1704BD6BBB41AF3ED39D2F5707E8853E064 = {
  fileRef = DF12921D06E2EB8EEFB99F4F367E255A3256CDE91543AC3B;
  settings = {
  COMPILER_FLAGS = "-fno-objc-arc";
};
  isa = PBXBuildFile;
};
  DF12921D06E2EB8EEFB99F4F367E255A3256CDE91543AC3B = {
  lastKnownFileType = "sourcecode.c.objc";
  sourceTree = "<group>";
  path = "OCMockRecorder.m";
  isa = PBXFileReference;
};
  16787F8A49D250930EC3F978F83198F124500023CF30BB22 = {
  fileRef = 180E0BDE3A340079E3989748634252E62E9CB39B8C27C41F;
  settings = {
  COMPILER_FLAGS = "-fno-objc-arc";
};
  isa = PBXBuildFile;
};
  62D4FB45D9821319E7128F0B6A4AB8D164FCCDF0CCBA2510 = {
  fileRef = 180E0BDE3A340079E3989748634252E62E9CB39B8C27C41F;
  settings = {
  COMPILER_FLAGS = "-fno-objc-arc";
};
  isa = PBXBuildFile;
};
  180E0BDE3A340079E3989748634252E62E9CB39B8C27C41F = {
  lastKnownFileType = "sourcecode.c.objc";
  sourceTree = "<group>";
  path = "OCMPassByRefSetter.m";
  isa = PBXFileReference;
};
  5A8BD4085CB715E63C4681712F1BEE84D3DC37437F576386 = {
  fileRef = C10A5571B46069E250C7B534FABBDC531A08B277992C8792;
  settings = {
  COMPILER_FLAGS = "-fno-objc-arc";
};
  isa = PBXBuildFile;
};
  027F1F5837E76925E6C1D6914BDACE2FE90CD1E4DA2F5B70 = {
  fileRef = C10A5571B46069E250C7B534FABBDC531A08B277992C8792;
  settings = {
  COMPILER_FLAGS = "-fno-objc-arc";
};
  isa = PBXBuildFile;
};
  C10A5571B46069E250C7B534FABBDC531A08B277992C8792 = {
  lastKnownFileType = "sourcecode.c.objc";
  sourceTree = "<group>";
  path = "OCMRealObjectForwarder.m";
  isa = PBXFileReference;
};
  EB1E7606EA907972B533D3EB15B53086E7CDE36054C09615 = {
  fileRef = 11F3046FB5322EEBA3F976B65527ECCF0C1708DDAA5D20B4;
  settings = {
  COMPILER_FLAGS = "-fno-objc-arc";
};
  isa = PBXBuildFile;
};
  A22DA4360F0272CB6A3FB75D2312BBE06ACA28442492CA41 = {
  fileRef = 11F3046FB5322EEBA3F976B65527ECCF0C1708DDAA5D20B4;
  settings = {
  COMPILER_FLAGS = "-fno-objc-arc";
};
  isa = PBXBuildFile;
};
  11F3046FB5322EEBA3F976B65527ECCF0C1708DDAA5D20B4 = {
  lastKnownFileType = "sourcecode.c.objc";
  sourceTree = "<group>";
  path = "OCMReturnValueProvider.m";
  isa = PBXFileReference;
};
  B0B4A4606A7EE7E9E468B7A7898EFC737B0162A088895A46 = {
  fileRef = 3D1D1E7236B91D97F30A7D60AC440F699D2054A90BEF7508;
  settings = {
  COMPILER_FLAGS = "-fno-objc-arc";
};
  isa = PBXBuildFile;
};
  CE8BD94EE935F7806B44AD06A9B2C480BDB7F332634449A2 = {
  fileRef = 3D1D1E7236B91D97F30A7D60AC440F699D2054A90BEF7508;
  settings = {
  COMPILER_FLAGS = "-fno-objc-arc";
};
  isa = PBXBuildFile;
};
  3D1D1E7236B91D97F30A7D60AC440F699D2054A90BEF7508 = {
  lastKnownFileType = "sourcecode.c.objc";
  sourceTree = "<group>";
  path = "OCObserverMockObject.m";
  isa = PBXFileReference;
};
  C3B3D7FF2D045098015E39B7D6E5698A9E69BAFAE5693617 = {
  fileRef = 551D12315E56DDCBCAE7375D2E626BBCCCA22EC72027CD9B;
  settings = {
  COMPILER_FLAGS = "-fno-objc-arc";
};
  isa = PBXBuildFile;
};
  F602ABCD5D101145D200BFFA0B9D9B2F4451A15657A9AC81 = {
  fileRef = 551D12315E56DDCBCAE7375D2E626BBCCCA22EC72027CD9B;
  settings = {
  COMPILER_FLAGS = "-fno-objc-arc";
};
  isa = PBXBuildFile;
};
  551D12315E56DDCBCAE7375D2E626BBCCCA22EC72027CD9B = {
  lastKnownFileType = "sourcecode.c.objc";
  sourceTree = "<group>";
  path = "OCPartialMockObject.m";
  isa = PBXFileReference;
};
  4E6D180A10D6CB351D13A211288C14482FBD0387342B326C = {
  fileRef = A280C9BE5D281590188F12D51877369CC48D5DE4FAAFE4E5;
  settings = {
  COMPILER_FLAGS = "-fno-objc-arc";
};
  isa = PBXBuildFile;
};
  4E81E50C700C3FA9C405E6C17CC3387090EA6AE61CB0B0EF = {
  fileRef = A280C9BE5D281590188F12D51877369CC48D5DE4FAAFE4E5;
  settings = {
  COMPILER_FLAGS = "-fno-objc-arc";
};
  isa = PBXBuildFile;
};
  A280C9BE5D281590188F12D51877369CC48D5DE4FAAFE4E5 = {
  lastKnownFileType = "sourcecode.c.objc";
  sourceTree = "<group>";
  path = "OCPartialMockRecorder.m";
  isa = PBXFileReference;
};
  CBD214BB1A3FE5EC0A6D908854A781029F286328FA0B31A0 = {
  fileRef = 559135FEF57493DE7BA131B4FED1FE69D549B1A0C79A2743;
  settings = {
  COMPILER_FLAGS = "-fno-objc-arc";
};
  isa = PBXBuildFile;
};
  49FE0C40EBB4ABB4F5DF776F0F0DA8F242540F23C424F200 = {
  fileRef = 559135FEF57493DE7BA131B4FED1FE69D549B1A0C79A2743;
  settings = {
  COMPILER_FLAGS = "-fno-objc-arc";
};
  isa = PBXBuildFile;
};
  559135FEF57493DE7BA131B4FED1FE69D549B1A0C79A2743 = {
  lastKnownFileType = "sourcecode.c.objc";
  sourceTree = "<group>";
  path = "OCProtocolMockObject.m";
  isa = PBXFileReference;
};
  1A6CAE697A3C62A1A47915888D6B370BED202FF7650222FB = {
  path = Specta;
  sourceTree = "<group>";
  children = (
FD31599588F3627FEFC2164681D86262EC4C46610FED35E2,B70B1FC87F883DBF189F929DA834D9CF5DEF5BBE5F3B4D64,279D4E15CC3DCE86894EF0819D6A48F14427ACFA1F640EC8,4DBF5CE22ADB851D72D3AF7C7A993FD693040E968295C8B7,B986A71681ABCEC138A3BDE95FD00BA657FDDA913C3E5A3B,4927AECC19B7ACAC45A23A6098C6425D403D1B39194865A0,F0A5799C846DA8A537877758D61D5B9E474DB961875D0F5D,324129B8826E4F414360A90FD86912DA3F34486BD83E4FC9,B51B9F9AEA2B6DE292BF5A89594D7B8382184E8969722C50,953E4F7C24224519A66CD49C2FF0A3090AB9B667059BA53F,FE76109AC08BE9B2094B59E54727EBA84C3C11B11236683E,B762976865C84FD0A605F0FC8A2E55955626EF332225D8FF,1E54D1D9F171057C8F9F650744BB18696775539F0D186B1F,DF67A3E4A6A13DEC16B7361D9121A1F2A608BE120D9C43BD,
);
  isa = PBXGroup;
};
  FD31599588F3627FEFC2164681D86262EC4C46610FED35E2 = {
  lastKnownFileType = "sourcecode.c.h";
  sourceTree = "<group>";
  path = "Specta.h";
  isa = PBXFileReference;
};
  B70B1FC87F883DBF189F929DA834D9CF5DEF5BBE5F3B4D64 = {
  lastKnownFileType = "sourcecode.c.h";
  sourceTree = "<group>";
  path = "SpectaSupport.h";
  isa = PBXFileReference;
};
  279D4E15CC3DCE86894EF0819D6A48F14427ACFA1F640EC8 = {
  lastKnownFileType = "sourcecode.c.h";
  sourceTree = "<group>";
  path = "SpectaTypes.h";
  isa = PBXFileReference;
};
  4DBF5CE22ADB851D72D3AF7C7A993FD693040E968295C8B7 = {
  lastKnownFileType = "sourcecode.c.h";
  sourceTree = "<group>";
  path = "SPTExample.h";
  isa = PBXFileReference;
};
  B986A71681ABCEC138A3BDE95FD00BA657FDDA913C3E5A3B = {
  lastKnownFileType = "sourcecode.c.h";
  sourceTree = "<group>";
  path = "SPTExampleGroup.h";
  isa = PBXFileReference;
};
  4927AECC19B7ACAC45A23A6098C6425D403D1B39194865A0 = {
  lastKnownFileType = "sourcecode.c.h";
  sourceTree = "<group>";
  path = "SPTSenTestCase.h";
  isa = PBXFileReference;
};
  F0A5799C846DA8A537877758D61D5B9E474DB961875D0F5D = {
  lastKnownFileType = "sourcecode.c.h";
  sourceTree = "<group>";
  path = "SPTSenTestInvocation.h";
  isa = PBXFileReference;
};
  324129B8826E4F414360A90FD86912DA3F34486BD83E4FC9 = {
  lastKnownFileType = "sourcecode.c.h";
  sourceTree = "<group>";
  path = "SPTSpec.h";
  isa = PBXFileReference;
};
  CCD32D4C90D413E7E9CA5E56A9A7124DD2D9930BA82319A4 = {
  fileRef = B51B9F9AEA2B6DE292BF5A89594D7B8382184E8969722C50;
  settings = {
  COMPILER_FLAGS = "-fno-objc-arc";
};
  isa = PBXBuildFile;
};
  16DFD6F56604F8D6786D8AC838CC8F1B4C8DBBCB1B49B75C = {
  fileRef = B51B9F9AEA2B6DE292BF5A89594D7B8382184E8969722C50;
  settings = {
  COMPILER_FLAGS = "-fno-objc-arc";
};
  isa = PBXBuildFile;
};
  B51B9F9AEA2B6DE292BF5A89594D7B8382184E8969722C50 = {
  lastKnownFileType = "sourcecode.c.objc";
  sourceTree = "<group>";
  path = "Specta.m";
  isa = PBXFileReference;
};
  6462940C3F57E9585C6FB01F6ED2AA076056F274D55B0CAF = {
  fileRef = 953E4F7C24224519A66CD49C2FF0A3090AB9B667059BA53F;
  settings = {
  COMPILER_FLAGS = "-fno-objc-arc";
};
  isa = PBXBuildFile;
};
  6B30E26F01AE065F91F842B2A96FDC8883621B6E7FE98D2E = {
  fileRef = 953E4F7C24224519A66CD49C2FF0A3090AB9B667059BA53F;
  settings = {
  COMPILER_FLAGS = "-fno-objc-arc";
};
  isa = PBXBuildFile;
};
  953E4F7C24224519A66CD49C2FF0A3090AB9B667059BA53F = {
  lastKnownFileType = "sourcecode.c.objc";
  sourceTree = "<group>";
  path = "SPTExample.m";
  isa = PBXFileReference;
};
  E72558C0BCCFECE174C86BEAEFBA08DEFE42C958EAAFB08B = {
  fileRef = FE76109AC08BE9B2094B59E54727EBA84C3C11B11236683E;
  settings = {
  COMPILER_FLAGS = "-fno-objc-arc";
};
  isa = PBXBuildFile;
};
  88006FC2C1654A3096DB50EB19F6F3BFFAC25719D6E4D646 = {
  fileRef = FE76109AC08BE9B2094B59E54727EBA84C3C11B11236683E;
  settings = {
  COMPILER_FLAGS = "-fno-objc-arc";
};
  isa = PBXBuildFile;
};
  FE76109AC08BE9B2094B59E54727EBA84C3C11B11236683E = {
  lastKnownFileType = "sourcecode.c.objc";
  sourceTree = "<group>";
  path = "SPTExampleGroup.m";
  isa = PBXFileReference;
};
  94E88C23B01B206968CC061562A6E4E99CFC1151D386E49A = {
  fileRef = B762976865C84FD0A605F0FC8A2E55955626EF332225D8FF;
  settings = {
  COMPILER_FLAGS = "-fno-objc-arc";
};
  isa = PBXBuildFile;
};
  4B4D0CE5ABC1ADC43B8CEE1F4FC9934C1326787D5E0D5296 = {
  fileRef = B762976865C84FD0A605F0FC8A2E55955626EF332225D8FF;
  settings = {
  COMPILER_FLAGS = "-fno-objc-arc";
};
  isa = PBXBuildFile;
};
  B762976865C84FD0A605F0FC8A2E55955626EF332225D8FF = {
  lastKnownFileType = "sourcecode.c.objc";
  sourceTree = "<group>";
  path = "SPTSenTestCase.m";
  isa = PBXFileReference;
};
  B0E5D5E5ADDAF76F17A9ED44EF2ABD702B55CD47A391DB13 = {
  fileRef = 1E54D1D9F171057C8F9F650744BB18696775539F0D186B1F;
  settings = {
  COMPILER_FLAGS = "-fno-objc-arc";
};
  isa = PBXBuildFile;
};
  42E38CAF4BDA0F48FA47DC452D0FAC2CDF7B63EA45D7E635 = {
  fileRef = 1E54D1D9F171057C8F9F650744BB18696775539F0D186B1F;
  settings = {
  COMPILER_FLAGS = "-fno-objc-arc";
};
  isa = PBXBuildFile;
};
  1E54D1D9F171057C8F9F650744BB18696775539F0D186B1F = {
  lastKnownFileType = "sourcecode.c.objc";
  sourceTree = "<group>";
  path = "SPTSenTestInvocation.m";
  isa = PBXFileReference;
};
  EE16E6B714C0FED35A524220A61B48E47E26F67C46745616 = {
  fileRef = DF67A3E4A6A13DEC16B7361D9121A1F2A608BE120D9C43BD;
  settings = {
  COMPILER_FLAGS = "-fno-objc-arc";
};
  isa = PBXBuildFile;
};
  79A0A647C993593AFECEA3EEC3C617FC8657620FB27BC261 = {
  fileRef = DF67A3E4A6A13DEC16B7361D9121A1F2A608BE120D9C43BD;
  settings = {
  COMPILER_FLAGS = "-fno-objc-arc";
};
  isa = PBXBuildFile;
};
  DF67A3E4A6A13DEC16B7361D9121A1F2A608BE120D9C43BD = {
  lastKnownFileType = "sourcecode.c.objc";
  sourceTree = "<group>";
  path = "SPTSpec.m";
  isa = PBXFileReference;
};
  0AE9FB872097ED6505787312D7133094122CB71949C80C5D = {
  path = TBMacros;
  sourceTree = "<group>";
  children = (
3149763D6F29A2E949D1F3D3420AE5C65814585CF274C676,
);
  isa = PBXGroup;
};
  3149763D6F29A2E949D1F3D3420AE5C65814585CF274C676 = {
  lastKnownFileType = "sourcecode.c.h";
  sourceTree = "<group>";
  path = "Macros.h";
  isa = PBXFileReference;
};
};
  rootObject = 8B7CB99C14E460EA003DB51A;
}